
Microsoft Visual Studio Solution File, Format Version 12.00
# Visual Studio 15
VisualStudioVersion = 15.0.26124.0
MinimumVisualStudioVersion = 15.0.26124.0
Project("{2150E333-8FDC-42A3-9474-1A3956D46DE8}") = "tests", "tests", "{339D37EB-9697-4F56-926B-6083B37DD5D4}"
EndProject
Project("{FAE04EC0-301F-11D3-BF4B-00C04F79EFBC}") = "runner", "tests\runner\runner.csproj", "{B6F87D26-7803-4944-BB93-0AFFE1AE6376}"
EndProject
Project("{FAE04EC0-301F-11D3-BF4B-00C04F79EFBC}") = "simple_stepping", "tests\simple_stepping\simple_stepping.csproj", "{9A14D26B-6757-4554-884F-86A8330E047E}"
EndProject
Project("{FAE04EC0-301F-11D3-BF4B-00C04F79EFBC}") = "values", "tests\values\values.csproj", "{88B59429-71FE-49D7-8219-7FEEC4B96D18}"
EndProject
Global
	GlobalSection(SolutionConfigurationPlatforms) = preSolution
		Debug|Any CPU = Debug|Any CPU
		Debug|x64 = Debug|x64
		Debug|x86 = Debug|x86
		Release|Any CPU = Release|Any CPU
		Release|x64 = Release|x64
		Release|x86 = Release|x86
	EndGlobalSection
	GlobalSection(SolutionProperties) = preSolution
		HideSolutionNode = FALSE
	EndGlobalSection
	GlobalSection(ProjectConfigurationPlatforms) = postSolution
		{B6F87D26-7803-4944-BB93-0AFFE1AE6376}.Debug|Any CPU.ActiveCfg = Debug|Any CPU
		{B6F87D26-7803-4944-BB93-0AFFE1AE6376}.Debug|Any CPU.Build.0 = Debug|Any CPU
		{B6F87D26-7803-4944-BB93-0AFFE1AE6376}.Debug|x64.ActiveCfg = Debug|x64
		{B6F87D26-7803-4944-BB93-0AFFE1AE6376}.Debug|x64.Build.0 = Debug|x64
		{B6F87D26-7803-4944-BB93-0AFFE1AE6376}.Debug|x86.ActiveCfg = Debug|x86
		{B6F87D26-7803-4944-BB93-0AFFE1AE6376}.Debug|x86.Build.0 = Debug|x86
		{B6F87D26-7803-4944-BB93-0AFFE1AE6376}.Release|Any CPU.ActiveCfg = Release|Any CPU
		{B6F87D26-7803-4944-BB93-0AFFE1AE6376}.Release|Any CPU.Build.0 = Release|Any CPU
		{B6F87D26-7803-4944-BB93-0AFFE1AE6376}.Release|x64.ActiveCfg = Release|x64
		{B6F87D26-7803-4944-BB93-0AFFE1AE6376}.Release|x64.Build.0 = Release|x64
		{B6F87D26-7803-4944-BB93-0AFFE1AE6376}.Release|x86.ActiveCfg = Release|x86
		{B6F87D26-7803-4944-BB93-0AFFE1AE6376}.Release|x86.Build.0 = Release|x86
		{9A14D26B-6757-4554-884F-86A8330E047E}.Debug|Any CPU.ActiveCfg = Debug|Any CPU
		{9A14D26B-6757-4554-884F-86A8330E047E}.Debug|Any CPU.Build.0 = Debug|Any CPU
		{9A14D26B-6757-4554-884F-86A8330E047E}.Debug|x64.ActiveCfg = Debug|x64
		{9A14D26B-6757-4554-884F-86A8330E047E}.Debug|x64.Build.0 = Debug|x64
		{9A14D26B-6757-4554-884F-86A8330E047E}.Debug|x86.ActiveCfg = Debug|x86
		{9A14D26B-6757-4554-884F-86A8330E047E}.Debug|x86.Build.0 = Debug|x86
		{9A14D26B-6757-4554-884F-86A8330E047E}.Release|Any CPU.ActiveCfg = Release|Any CPU
		{9A14D26B-6757-4554-884F-86A8330E047E}.Release|Any CPU.Build.0 = Release|Any CPU
		{9A14D26B-6757-4554-884F-86A8330E047E}.Release|x64.ActiveCfg = Release|x64
		{9A14D26B-6757-4554-884F-86A8330E047E}.Release|x64.Build.0 = Release|x64
		{9A14D26B-6757-4554-884F-86A8330E047E}.Release|x86.ActiveCfg = Release|x86
		{9A14D26B-6757-4554-884F-86A8330E047E}.Release|x86.Build.0 = Release|x86
		{88B59429-71FE-49D7-8219-7FEEC4B96D18}.Debug|Any CPU.ActiveCfg = Debug|Any CPU
		{88B59429-71FE-49D7-8219-7FEEC4B96D18}.Debug|Any CPU.Build.0 = Debug|Any CPU
		{88B59429-71FE-49D7-8219-7FEEC4B96D18}.Debug|x64.ActiveCfg = Debug|x64
		{88B59429-71FE-49D7-8219-7FEEC4B96D18}.Debug|x64.Build.0 = Debug|x64
		{88B59429-71FE-49D7-8219-7FEEC4B96D18}.Debug|x86.ActiveCfg = Debug|x86
		{88B59429-71FE-49D7-8219-7FEEC4B96D18}.Debug|x86.Build.0 = Debug|x86
		{88B59429-71FE-49D7-8219-7FEEC4B96D18}.Release|Any CPU.ActiveCfg = Release|Any CPU
		{88B59429-71FE-49D7-8219-7FEEC4B96D18}.Release|Any CPU.Build.0 = Release|Any CPU
		{88B59429-71FE-49D7-8219-7FEEC4B96D18}.Release|x64.ActiveCfg = Release|x64
		{88B59429-71FE-49D7-8219-7FEEC4B96D18}.Release|x64.Build.0 = Release|x64
		{88B59429-71FE-49D7-8219-7FEEC4B96D18}.Release|x86.ActiveCfg = Release|x86
		{88B59429-71FE-49D7-8219-7FEEC4B96D18}.Release|x86.Build.0 = Release|x86
	EndGlobalSection
	GlobalSection(NestedProjects) = preSolution
		{B6F87D26-7803-4944-BB93-0AFFE1AE6376} = {339D37EB-9697-4F56-926B-6083B37DD5D4}
		{9A14D26B-6757-4554-884F-86A8330E047E} = {339D37EB-9697-4F56-926B-6083B37DD5D4}
		{88B59429-71FE-49D7-8219-7FEEC4B96D18} = {339D37EB-9697-4F56-926B-6083B37DD5D4}
	EndGlobalSection
EndGlobal
