
Microsoft Visual Studio Solution File, Format Version 12.00
# Visual Studio 15
VisualStudioVersion = 15.0.26124.0
MinimumVisualStudioVersion = 15.0.26124.0
Project("{FAE04EC0-301F-11D3-BF4B-00C04F79EFBC}") = "runner", "runner\runner.csproj", "{E042BA1C-E2FB-41DF-AA94-9FACCF22D358}"
EndProject
Project("{FAE04EC0-301F-11D3-BF4B-00C04F79EFBC}") = "ValuesTest", "ValuesTest\ValuesTest.csproj", "{7A4F31DE-22C7-4662-A6D4-63D1DCDD6D6E}"
EndProject
Project("{FAE04EC0-301F-11D3-BF4B-00C04F79EFBC}") = "SimpleSteppingTest", "SimpleSteppingTest\SimpleSteppingTest.csproj", "{E0060C4B-2D50-4912-A2E6-29E897ED1767}"
EndProject
Project("{FAE04EC0-301F-11D3-BF4B-00C04F79EFBC}") = "ExceptionTest", "ExceptionTest\ExceptionTest.csproj", "{AA120201-343F-4A1D-BDA5-930F9B28DD9A}"
EndProject
Project("{FAE04EC0-301F-11D3-BF4B-00C04F79EFBC}") = "BreakpointAddRemoveTest", "BreakpointAddRemoveTest\BreakpointAddRemoveTest.csproj", "{48403D8A-08D8-48FC-BF1B-F0239154AD85}"
EndProject
Project("{FAE04EC0-301F-11D3-BF4B-00C04F79EFBC}") = "SetValuesTest", "SetValuesTest\SetValuesTest.csproj", "{9E6CD7E6-0B84-4088-9097-1839A14B49DB}"
EndProject
Project("{FAE04EC0-301F-11D3-BF4B-00C04F79EFBC}") = "ExpressionsTest", "ExpressionsTest\ExpressionsTest.csproj", "{3477E658-CB14-4D86-8909-F7448C17AC9A}"
EndProject
Project("{FAE04EC0-301F-11D3-BF4B-00C04F79EFBC}") = "LambdaTest", "LambdaTest\LambdaTest.csproj", "{70F91400-AB4E-4A19-A137-9B5BF36C8543}"
EndProject
Project("{FAE04EC0-301F-11D3-BF4B-00C04F79EFBC}") = "ExceptionBreakpointTest", "ExceptionBreakpointTest\ExceptionBreakpointTest.csproj", "{361771B0-7948-412E-86ED-D41157F6DE6B}"
EndProject
Project("{FAE04EC0-301F-11D3-BF4B-00C04F79EFBC}") = "ExceptionBreakpointMultiThreadsTest", "ExceptionBreakpointMultiThreadsTest\ExceptionBreakpointMultiThreadsTest.csproj", "{31C7F5AD-ED22-4F02-82F5-084C48598AA9}"
EndProject
Global
	GlobalSection(SolutionConfigurationPlatforms) = preSolution
		Debug|Any CPU = Debug|Any CPU
		Debug|x64 = Debug|x64
		Debug|x86 = Debug|x86
		Release|Any CPU = Release|Any CPU
		Release|x64 = Release|x64
		Release|x86 = Release|x86
	EndGlobalSection
	GlobalSection(SolutionProperties) = preSolution
		HideSolutionNode = FALSE
	EndGlobalSection
	GlobalSection(ProjectConfigurationPlatforms) = postSolution
		{E042BA1C-E2FB-41DF-AA94-9FACCF22D358}.Debug|Any CPU.ActiveCfg = Debug|Any CPU
		{E042BA1C-E2FB-41DF-AA94-9FACCF22D358}.Debug|Any CPU.Build.0 = Debug|Any CPU
		{E042BA1C-E2FB-41DF-AA94-9FACCF22D358}.Debug|x64.ActiveCfg = Debug|x64
		{E042BA1C-E2FB-41DF-AA94-9FACCF22D358}.Debug|x64.Build.0 = Debug|x64
		{E042BA1C-E2FB-41DF-AA94-9FACCF22D358}.Debug|x86.ActiveCfg = Debug|x86
		{E042BA1C-E2FB-41DF-AA94-9FACCF22D358}.Debug|x86.Build.0 = Debug|x86
		{E042BA1C-E2FB-41DF-AA94-9FACCF22D358}.Release|Any CPU.ActiveCfg = Release|Any CPU
		{E042BA1C-E2FB-41DF-AA94-9FACCF22D358}.Release|Any CPU.Build.0 = Release|Any CPU
		{E042BA1C-E2FB-41DF-AA94-9FACCF22D358}.Release|x64.ActiveCfg = Release|x64
		{E042BA1C-E2FB-41DF-AA94-9FACCF22D358}.Release|x64.Build.0 = Release|x64
		{E042BA1C-E2FB-41DF-AA94-9FACCF22D358}.Release|x86.ActiveCfg = Release|x86
		{E042BA1C-E2FB-41DF-AA94-9FACCF22D358}.Release|x86.Build.0 = Release|x86
		{7A4F31DE-22C7-4662-A6D4-63D1DCDD6D6E}.Debug|Any CPU.ActiveCfg = Debug|Any CPU
		{7A4F31DE-22C7-4662-A6D4-63D1DCDD6D6E}.Debug|Any CPU.Build.0 = Debug|Any CPU
		{7A4F31DE-22C7-4662-A6D4-63D1DCDD6D6E}.Debug|x64.ActiveCfg = Debug|x64
		{7A4F31DE-22C7-4662-A6D4-63D1DCDD6D6E}.Debug|x64.Build.0 = Debug|x64
		{7A4F31DE-22C7-4662-A6D4-63D1DCDD6D6E}.Debug|x86.ActiveCfg = Debug|x86
		{7A4F31DE-22C7-4662-A6D4-63D1DCDD6D6E}.Debug|x86.Build.0 = Debug|x86
		{7A4F31DE-22C7-4662-A6D4-63D1DCDD6D6E}.Release|Any CPU.ActiveCfg = Release|Any CPU
		{7A4F31DE-22C7-4662-A6D4-63D1DCDD6D6E}.Release|Any CPU.Build.0 = Release|Any CPU
		{7A4F31DE-22C7-4662-A6D4-63D1DCDD6D6E}.Release|x64.ActiveCfg = Release|x64
		{7A4F31DE-22C7-4662-A6D4-63D1DCDD6D6E}.Release|x64.Build.0 = Release|x64
		{7A4F31DE-22C7-4662-A6D4-63D1DCDD6D6E}.Release|x86.ActiveCfg = Release|x86
		{7A4F31DE-22C7-4662-A6D4-63D1DCDD6D6E}.Release|x86.Build.0 = Release|x86
		{E0060C4B-2D50-4912-A2E6-29E897ED1767}.Debug|Any CPU.ActiveCfg = Debug|Any CPU
		{E0060C4B-2D50-4912-A2E6-29E897ED1767}.Debug|Any CPU.Build.0 = Debug|Any CPU
		{E0060C4B-2D50-4912-A2E6-29E897ED1767}.Debug|x64.ActiveCfg = Debug|x64
		{E0060C4B-2D50-4912-A2E6-29E897ED1767}.Debug|x64.Build.0 = Debug|x64
		{E0060C4B-2D50-4912-A2E6-29E897ED1767}.Debug|x86.ActiveCfg = Debug|x86
		{E0060C4B-2D50-4912-A2E6-29E897ED1767}.Debug|x86.Build.0 = Debug|x86
		{E0060C4B-2D50-4912-A2E6-29E897ED1767}.Release|Any CPU.ActiveCfg = Release|Any CPU
		{E0060C4B-2D50-4912-A2E6-29E897ED1767}.Release|Any CPU.Build.0 = Release|Any CPU
		{E0060C4B-2D50-4912-A2E6-29E897ED1767}.Release|x64.ActiveCfg = Release|x64
		{E0060C4B-2D50-4912-A2E6-29E897ED1767}.Release|x64.Build.0 = Release|x64
		{E0060C4B-2D50-4912-A2E6-29E897ED1767}.Release|x86.ActiveCfg = Release|x86
		{E0060C4B-2D50-4912-A2E6-29E897ED1767}.Release|x86.Build.0 = Release|x86
		{AA120201-343F-4A1D-BDA5-930F9B28DD9A}.Debug|Any CPU.ActiveCfg = Debug|Any CPU
		{AA120201-343F-4A1D-BDA5-930F9B28DD9A}.Debug|Any CPU.Build.0 = Debug|Any CPU
		{AA120201-343F-4A1D-BDA5-930F9B28DD9A}.Debug|x64.ActiveCfg = Debug|x64
		{AA120201-343F-4A1D-BDA5-930F9B28DD9A}.Debug|x64.Build.0 = Debug|x64
		{AA120201-343F-4A1D-BDA5-930F9B28DD9A}.Debug|x86.ActiveCfg = Debug|x86
		{AA120201-343F-4A1D-BDA5-930F9B28DD9A}.Debug|x86.Build.0 = Debug|x86
		{AA120201-343F-4A1D-BDA5-930F9B28DD9A}.Release|Any CPU.ActiveCfg = Release|Any CPU
		{AA120201-343F-4A1D-BDA5-930F9B28DD9A}.Release|Any CPU.Build.0 = Release|Any CPU
		{AA120201-343F-4A1D-BDA5-930F9B28DD9A}.Release|x64.ActiveCfg = Release|x64
		{AA120201-343F-4A1D-BDA5-930F9B28DD9A}.Release|x64.Build.0 = Release|x64
		{AA120201-343F-4A1D-BDA5-930F9B28DD9A}.Release|x86.ActiveCfg = Release|x86
		{AA120201-343F-4A1D-BDA5-930F9B28DD9A}.Release|x86.Build.0 = Release|x86
		{48403D8A-08D8-48FC-BF1B-F0239154AD85}.Debug|Any CPU.ActiveCfg = Debug|Any CPU
		{48403D8A-08D8-48FC-BF1B-F0239154AD85}.Debug|Any CPU.Build.0 = Debug|Any CPU
		{48403D8A-08D8-48FC-BF1B-F0239154AD85}.Debug|x64.ActiveCfg = Debug|x64
		{48403D8A-08D8-48FC-BF1B-F0239154AD85}.Debug|x64.Build.0 = Debug|x64
		{48403D8A-08D8-48FC-BF1B-F0239154AD85}.Debug|x86.ActiveCfg = Debug|x86
		{48403D8A-08D8-48FC-BF1B-F0239154AD85}.Debug|x86.Build.0 = Debug|x86
		{48403D8A-08D8-48FC-BF1B-F0239154AD85}.Release|Any CPU.ActiveCfg = Release|Any CPU
		{48403D8A-08D8-48FC-BF1B-F0239154AD85}.Release|Any CPU.Build.0 = Release|Any CPU
		{48403D8A-08D8-48FC-BF1B-F0239154AD85}.Release|x64.ActiveCfg = Release|x64
		{48403D8A-08D8-48FC-BF1B-F0239154AD85}.Release|x64.Build.0 = Release|x64
		{48403D8A-08D8-48FC-BF1B-F0239154AD85}.Release|x86.ActiveCfg = Release|x86
		{48403D8A-08D8-48FC-BF1B-F0239154AD85}.Release|x86.Build.0 = Release|x86
		{9E6CD7E6-0B84-4088-9097-1839A14B49DB}.Debug|Any CPU.ActiveCfg = Debug|Any CPU
		{9E6CD7E6-0B84-4088-9097-1839A14B49DB}.Debug|Any CPU.Build.0 = Debug|Any CPU
		{9E6CD7E6-0B84-4088-9097-1839A14B49DB}.Debug|x64.ActiveCfg = Debug|x64
		{9E6CD7E6-0B84-4088-9097-1839A14B49DB}.Debug|x64.Build.0 = Debug|x64
		{9E6CD7E6-0B84-4088-9097-1839A14B49DB}.Debug|x86.ActiveCfg = Debug|x86
		{9E6CD7E6-0B84-4088-9097-1839A14B49DB}.Debug|x86.Build.0 = Debug|x86
		{9E6CD7E6-0B84-4088-9097-1839A14B49DB}.Release|Any CPU.ActiveCfg = Release|Any CPU
		{9E6CD7E6-0B84-4088-9097-1839A14B49DB}.Release|Any CPU.Build.0 = Release|Any CPU
		{9E6CD7E6-0B84-4088-9097-1839A14B49DB}.Release|x64.ActiveCfg = Release|x64
		{9E6CD7E6-0B84-4088-9097-1839A14B49DB}.Release|x64.Build.0 = Release|x64
		{9E6CD7E6-0B84-4088-9097-1839A14B49DB}.Release|x86.ActiveCfg = Release|x86
		{9E6CD7E6-0B84-4088-9097-1839A14B49DB}.Release|x86.Build.0 = Release|x86
		{3477E658-CB14-4D86-8909-F7448C17AC9A}.Debug|Any CPU.ActiveCfg = Debug|Any CPU
		{3477E658-CB14-4D86-8909-F7448C17AC9A}.Debug|Any CPU.Build.0 = Debug|Any CPU
		{3477E658-CB14-4D86-8909-F7448C17AC9A}.Debug|x64.ActiveCfg = Debug|x64
		{3477E658-CB14-4D86-8909-F7448C17AC9A}.Debug|x64.Build.0 = Debug|x64
		{3477E658-CB14-4D86-8909-F7448C17AC9A}.Debug|x86.ActiveCfg = Debug|x86
		{3477E658-CB14-4D86-8909-F7448C17AC9A}.Debug|x86.Build.0 = Debug|x86
		{3477E658-CB14-4D86-8909-F7448C17AC9A}.Release|Any CPU.ActiveCfg = Release|Any CPU
		{3477E658-CB14-4D86-8909-F7448C17AC9A}.Release|Any CPU.Build.0 = Release|Any CPU
		{3477E658-CB14-4D86-8909-F7448C17AC9A}.Release|x64.ActiveCfg = Release|x64
		{3477E658-CB14-4D86-8909-F7448C17AC9A}.Release|x64.Build.0 = Release|x64
		{3477E658-CB14-4D86-8909-F7448C17AC9A}.Release|x86.ActiveCfg = Release|x86
		{3477E658-CB14-4D86-8909-F7448C17AC9A}.Release|x86.Build.0 = Release|x86
		{70F91400-AB4E-4A19-A137-9B5BF36C8543}.Debug|Any CPU.ActiveCfg = Debug|Any CPU
		{70F91400-AB4E-4A19-A137-9B5BF36C8543}.Debug|Any CPU.Build.0 = Debug|Any CPU
		{70F91400-AB4E-4A19-A137-9B5BF36C8543}.Debug|x64.ActiveCfg = Debug|x64
		{70F91400-AB4E-4A19-A137-9B5BF36C8543}.Debug|x64.Build.0 = Debug|x64
		{70F91400-AB4E-4A19-A137-9B5BF36C8543}.Debug|x86.ActiveCfg = Debug|x86
		{70F91400-AB4E-4A19-A137-9B5BF36C8543}.Debug|x86.Build.0 = Debug|x86
		{70F91400-AB4E-4A19-A137-9B5BF36C8543}.Release|Any CPU.ActiveCfg = Release|Any CPU
		{70F91400-AB4E-4A19-A137-9B5BF36C8543}.Release|Any CPU.Build.0 = Release|Any CPU
		{70F91400-AB4E-4A19-A137-9B5BF36C8543}.Release|x64.ActiveCfg = Release|x64
		{70F91400-AB4E-4A19-A137-9B5BF36C8543}.Release|x64.Build.0 = Release|x64
		{70F91400-AB4E-4A19-A137-9B5BF36C8543}.Release|x86.ActiveCfg = Release|x86
		{70F91400-AB4E-4A19-A137-9B5BF36C8543}.Release|x86.Build.0 = Release|x86
		{361771B0-7948-412E-86ED-D41157F6DE6B}.Debug|Any CPU.ActiveCfg = Debug|Any CPU
		{361771B0-7948-412E-86ED-D41157F6DE6B}.Debug|Any CPU.Build.0 = Debug|Any CPU
		{361771B0-7948-412E-86ED-D41157F6DE6B}.Debug|x64.ActiveCfg = Debug|x64
		{361771B0-7948-412E-86ED-D41157F6DE6B}.Debug|x64.Build.0 = Debug|x64
		{361771B0-7948-412E-86ED-D41157F6DE6B}.Debug|x86.ActiveCfg = Debug|x86
		{361771B0-7948-412E-86ED-D41157F6DE6B}.Debug|x86.Build.0 = Debug|x86
		{361771B0-7948-412E-86ED-D41157F6DE6B}.Release|Any CPU.ActiveCfg = Release|Any CPU
		{361771B0-7948-412E-86ED-D41157F6DE6B}.Release|Any CPU.Build.0 = Release|Any CPU
		{361771B0-7948-412E-86ED-D41157F6DE6B}.Release|x64.ActiveCfg = Release|x64
		{361771B0-7948-412E-86ED-D41157F6DE6B}.Release|x64.Build.0 = Release|x64
		{361771B0-7948-412E-86ED-D41157F6DE6B}.Release|x86.ActiveCfg = Release|x86
		{361771B0-7948-412E-86ED-D41157F6DE6B}.Release|x86.Build.0 = Release|x86
		{31C7F5AD-ED22-4F02-82F5-084C48598AA9}.Debug|Any CPU.ActiveCfg = Debug|Any CPU
		{31C7F5AD-ED22-4F02-82F5-084C48598AA9}.Debug|Any CPU.Build.0 = Debug|Any CPU
		{31C7F5AD-ED22-4F02-82F5-084C48598AA9}.Debug|x64.ActiveCfg = Debug|x64
		{31C7F5AD-ED22-4F02-82F5-084C48598AA9}.Debug|x64.Build.0 = Debug|x64
		{31C7F5AD-ED22-4F02-82F5-084C48598AA9}.Debug|x86.ActiveCfg = Debug|x86
		{31C7F5AD-ED22-4F02-82F5-084C48598AA9}.Debug|x86.Build.0 = Debug|x86
		{31C7F5AD-ED22-4F02-82F5-084C48598AA9}.Release|Any CPU.ActiveCfg = Release|Any CPU
		{31C7F5AD-ED22-4F02-82F5-084C48598AA9}.Release|Any CPU.Build.0 = Release|Any CPU
		{31C7F5AD-ED22-4F02-82F5-084C48598AA9}.Release|x64.ActiveCfg = Release|x64
		{31C7F5AD-ED22-4F02-82F5-084C48598AA9}.Release|x64.Build.0 = Release|x64
		{31C7F5AD-ED22-4F02-82F5-084C48598AA9}.Release|x86.ActiveCfg = Release|x86
		{31C7F5AD-ED22-4F02-82F5-084C48598AA9}.Release|x86.Build.0 = Release|x86
	EndGlobalSection
EndGlobal
