
Microsoft Visual Studio Solution File, Format Version 12.00
# Visual Studio 15
VisualStudioVersion = 15.0.26124.0
MinimumVisualStudioVersion = 15.0.26124.0
Project("{FAE04EC0-301F-11D3-BF4B-00C04F79EFBC}") = "NetcoreDbgTest", "NetcoreDbgTest\NetcoreDbgTest.csproj", "{D6915FE2-2E22-4924-8A98-AC7C7C697691}"
EndProject
Project("{FAE04EC0-301F-11D3-BF4B-00C04F79EFBC}") = "TestRunner", "TestRunner\TestRunner.csproj", "{851C3938-D4E2-46A3-B3F0-80F9E1A52B78}"
EndProject
Project("{FAE04EC0-301F-11D3-BF4B-00C04F79EFBC}") = "MIExampleTest", "MIExampleTest\MIExampleTest.csproj", "{F2A7FC35-7ACE-4C93-A191-4579E0E7B9D1}"
EndProject
Project("{FAE04EC0-301F-11D3-BF4B-00C04F79EFBC}") = "MITestVarObject", "MITestVarObject\MITestVarObject.csproj", "{642748E3-092B-4851-92CD-C003BFCD38D0}"
EndProject
Project("{FAE04EC0-301F-11D3-BF4B-00C04F79EFBC}") = "MITestBreakpoint", "MITestBreakpoint\MITestBreakpoint.csproj", "{A4B20BF0-5498-4071-8D31-2E76D7289D96}"
EndProject
Project("{FAE04EC0-301F-11D3-BF4B-00C04F79EFBC}") = "MITestStepping", "MITestStepping\MITestStepping.csproj", "{6A13D015-7F91-4669-9136-B6FE0157188A}"
EndProject
Project("{FAE04EC0-301F-11D3-BF4B-00C04F79EFBC}") = "MITestExpression", "MITestExpression\MITestExpression.csproj", "{AAB544A5-6B14-4F24-937B-6A3AA57CD946}"
EndProject
Project("{FAE04EC0-301F-11D3-BF4B-00C04F79EFBC}") = "MITestSetValue", "MITestSetValue\MITestSetValue.csproj", "{5A0E3736-322F-422C-A642-30098BF5E6AA}"
EndProject
Project("{FAE04EC0-301F-11D3-BF4B-00C04F79EFBC}") = "MITestException", "MITestException\MITestException.csproj", "{6B89916D-7B57-40FF-802F-90629B9F8F5D}"
EndProject
Project("{FAE04EC0-301F-11D3-BF4B-00C04F79EFBC}") = "MITestLambda", "MITestLambda\MITestLambda.csproj", "{A018D167-0682-47B6-BF4B-C123992EE501}"
EndProject
Project("{FAE04EC0-301F-11D3-BF4B-00C04F79EFBC}") = "MITestEnv", "MITestEnv\MITestEnv.csproj", "{9E500829-9B7C-4952-93C5-7FD065F50E38}"
EndProject
Project("{FAE04EC0-301F-11D3-BF4B-00C04F79EFBC}") = "MITestGDB", "MITestGDB\MITestGDB.csproj", "{11806AA7-EBA2-42AD-A559-A3C7FE0CF4C8}"
EndProject
Project("{FAE04EC0-301F-11D3-BF4B-00C04F79EFBC}") = "MITestExecFinish", "MITestExecFinish\MITestExecFinish.csproj", "{4C6D3C0A-9ED9-4587-A290-337BBEA5181B}"
EndProject
Project("{FAE04EC0-301F-11D3-BF4B-00C04F79EFBC}") = "MITestExecAbort", "MITestExecAbort\MITestExecAbort.csproj", "{EEED734A-56CD-468D-B9ED-02D8CBEF5CC8}"
EndProject
Project("{FAE04EC0-301F-11D3-BF4B-00C04F79EFBC}") = "MITestExecInt", "MITestExecInt\MITestExecInt.csproj", "{57466C79-0F48-4E53-AE52-1A9F14311C5A}"
EndProject
Project("{FAE04EC0-301F-11D3-BF4B-00C04F79EFBC}") = "MITestHandshake", "MITestHandshake\MITestHandshake.csproj", "{0331ED33-EA01-4CC0-B073-B82B46EA17DD}"
EndProject
Project("{FAE04EC0-301F-11D3-BF4B-00C04F79EFBC}") = "MITestTarget", "MITestTarget\MITestTarget.csproj", "{87A3A138-C893-4B2A-8AD2-250E523A4868}"
EndProject
Project("{FAE04EC0-301F-11D3-BF4B-00C04F79EFBC}") = "VSCodeExampleTest", "VSCodeExampleTest\VSCodeExampleTest.csproj", "{337B41D3-6674-4628-B309-7723DAFE119D}"
EndProject
Project("{FAE04EC0-301F-11D3-BF4B-00C04F79EFBC}") = "VSCodeTestBreakpoint", "VSCodeTestBreakpoint\VSCodeTestBreakpoint.csproj", "{7845AEC2-149F-45F4-9302-D7A8C2D3708D}"
EndProject
Project("{FAE04EC0-301F-11D3-BF4B-00C04F79EFBC}") = "VSCodeTestFuncBreak", "VSCodeTestFuncBreak\VSCodeTestFuncBreak.csproj", "{D70C4DB1-4E7F-4443-A474-08FC8629E28B}"
EndProject
Project("{FAE04EC0-301F-11D3-BF4B-00C04F79EFBC}") = "VSCodeTestAttach", "VSCodeTestAttach\VSCodeTestAttach.csproj", "{5A8F6887-0189-49BE-AD8C-3E10DC0477E8}"
EndProject
Project("{FAE04EC0-301F-11D3-BF4B-00C04F79EFBC}") = "VSCodeTestPause", "VSCodeTestPause\VSCodeTestPause.csproj", "{A2EE5C23-7CB5-4A4A-86A9-E80F334E2F48}"
EndProject
Project("{FAE04EC0-301F-11D3-BF4B-00C04F79EFBC}") = "VSCodeTestDisconnect", "VSCodeTestDisconnect\VSCodeTestDisconnect.csproj", "{553302E8-6FDF-401C-BB3C-14D831E57385}"
EndProject
Project("{FAE04EC0-301F-11D3-BF4B-00C04F79EFBC}") = "VSCodeTestThreads", "VSCodeTestThreads\VSCodeTestThreads.csproj", "{35B8D350-4A1E-4A8B-9FED-307B334C12AE}"
EndProject
Project("{FAE04EC0-301F-11D3-BF4B-00C04F79EFBC}") = "VSCodeTestVariables", "VSCodeTestVariables\VSCodeTestVariables.csproj", "{E4F998BC-401A-4268-A101-F7CF8D7E9637}"
EndProject
Project("{FAE04EC0-301F-11D3-BF4B-00C04F79EFBC}") = "VSCodeTestEvaluate", "VSCodeTestEvaluate\VSCodeTestEvaluate.csproj", "{AE07D7A6-B1AA-4014-9676-4F2E0FDB817B}"
EndProject
Project("{FAE04EC0-301F-11D3-BF4B-00C04F79EFBC}") = "VSCodeTestStepping", "VSCodeTestStepping\VSCodeTestStepping.csproj", "{2D3C0476-5F92-4956-B3C9-00D06544B1EF}"
EndProject
Project("{FAE04EC0-301F-11D3-BF4B-00C04F79EFBC}") = "MITestExceptionBreakpoint", "MITestExceptionBreakpoint\MITestExceptionBreakpoint.csproj", "{41431C99-59DF-4B7D-9647-BDF4258B048D}"
EndProject
Project("{FAE04EC0-301F-11D3-BF4B-00C04F79EFBC}") = "VSCodeTestEnv", "VSCodeTestEnv\VSCodeTestEnv.csproj", "{7555F581-C632-4490-A0E4-E4F1539E9209}"
EndProject
<<<<<<< HEAD
Project("{FAE04EC0-301F-11D3-BF4B-00C04F79EFBC}") = "MITestExitCode", "MITestExitCode\MITestExitCode.csproj", "{9308CF34-12C5-4D5B-A318-00AD7AC1907A}"
EndProject
Project("{FAE04EC0-301F-11D3-BF4B-00C04F79EFBC}") = "VSCodeTestExitCode", "VSCodeTestExitCode\VSCodeTestExitCode.csproj", "{045EE2A3-F595-4D40-8E1A-734CA9CEB10C}"
=======
Project("{FAE04EC0-301F-11D3-BF4B-00C04F79EFBC}") = "MITestEvalNotEnglish", "MITestEvalNotEnglish\MITestEvalNotEnglish.csproj", "{76D789CF-9499-4A12-9128-7378592B7BDC}"
EndProject
Project("{FAE04EC0-301F-11D3-BF4B-00C04F79EFBC}") = "VSCodeTestEvalNotEnglish", "VSCodeTestEvalNotEnglish\VSCodeTestEvalNotEnglish.csproj", "{5FE6BDFF-AD0E-4E1C-A596-6D583D0777BC}"
>>>>>>> Add MI/GDB and VSCode tests for non-English var evaluation.
EndProject
Global
	GlobalSection(SolutionConfigurationPlatforms) = preSolution
		Debug|Any CPU = Debug|Any CPU
		Debug|x64 = Debug|x64
		Debug|x86 = Debug|x86
		Release|Any CPU = Release|Any CPU
		Release|x64 = Release|x64
		Release|x86 = Release|x86
	EndGlobalSection
	GlobalSection(SolutionProperties) = preSolution
		HideSolutionNode = FALSE
	EndGlobalSection
	GlobalSection(ProjectConfigurationPlatforms) = postSolution
		{D6915FE2-2E22-4924-8A98-AC7C7C697691}.Debug|Any CPU.ActiveCfg = Debug|Any CPU
		{D6915FE2-2E22-4924-8A98-AC7C7C697691}.Debug|Any CPU.Build.0 = Debug|Any CPU
		{D6915FE2-2E22-4924-8A98-AC7C7C697691}.Debug|x64.ActiveCfg = Debug|Any CPU
		{D6915FE2-2E22-4924-8A98-AC7C7C697691}.Debug|x64.Build.0 = Debug|Any CPU
		{D6915FE2-2E22-4924-8A98-AC7C7C697691}.Debug|x86.ActiveCfg = Debug|Any CPU
		{D6915FE2-2E22-4924-8A98-AC7C7C697691}.Debug|x86.Build.0 = Debug|Any CPU
		{D6915FE2-2E22-4924-8A98-AC7C7C697691}.Release|Any CPU.ActiveCfg = Release|Any CPU
		{D6915FE2-2E22-4924-8A98-AC7C7C697691}.Release|Any CPU.Build.0 = Release|Any CPU
		{D6915FE2-2E22-4924-8A98-AC7C7C697691}.Release|x64.ActiveCfg = Release|Any CPU
		{D6915FE2-2E22-4924-8A98-AC7C7C697691}.Release|x64.Build.0 = Release|Any CPU
		{D6915FE2-2E22-4924-8A98-AC7C7C697691}.Release|x86.ActiveCfg = Release|Any CPU
		{D6915FE2-2E22-4924-8A98-AC7C7C697691}.Release|x86.Build.0 = Release|Any CPU
		{851C3938-D4E2-46A3-B3F0-80F9E1A52B78}.Debug|Any CPU.ActiveCfg = Debug|Any CPU
		{851C3938-D4E2-46A3-B3F0-80F9E1A52B78}.Debug|Any CPU.Build.0 = Debug|Any CPU
		{851C3938-D4E2-46A3-B3F0-80F9E1A52B78}.Debug|x64.ActiveCfg = Debug|Any CPU
		{851C3938-D4E2-46A3-B3F0-80F9E1A52B78}.Debug|x64.Build.0 = Debug|Any CPU
		{851C3938-D4E2-46A3-B3F0-80F9E1A52B78}.Debug|x86.ActiveCfg = Debug|Any CPU
		{851C3938-D4E2-46A3-B3F0-80F9E1A52B78}.Debug|x86.Build.0 = Debug|Any CPU
		{851C3938-D4E2-46A3-B3F0-80F9E1A52B78}.Release|Any CPU.ActiveCfg = Release|Any CPU
		{851C3938-D4E2-46A3-B3F0-80F9E1A52B78}.Release|Any CPU.Build.0 = Release|Any CPU
		{851C3938-D4E2-46A3-B3F0-80F9E1A52B78}.Release|x64.ActiveCfg = Release|Any CPU
		{851C3938-D4E2-46A3-B3F0-80F9E1A52B78}.Release|x64.Build.0 = Release|Any CPU
		{851C3938-D4E2-46A3-B3F0-80F9E1A52B78}.Release|x86.ActiveCfg = Release|Any CPU
		{851C3938-D4E2-46A3-B3F0-80F9E1A52B78}.Release|x86.Build.0 = Release|Any CPU
		{F2A7FC35-7ACE-4C93-A191-4579E0E7B9D1}.Debug|Any CPU.ActiveCfg = Debug|Any CPU
		{F2A7FC35-7ACE-4C93-A191-4579E0E7B9D1}.Debug|Any CPU.Build.0 = Debug|Any CPU
		{F2A7FC35-7ACE-4C93-A191-4579E0E7B9D1}.Debug|x64.ActiveCfg = Debug|Any CPU
		{F2A7FC35-7ACE-4C93-A191-4579E0E7B9D1}.Debug|x64.Build.0 = Debug|Any CPU
		{F2A7FC35-7ACE-4C93-A191-4579E0E7B9D1}.Debug|x86.ActiveCfg = Debug|Any CPU
		{F2A7FC35-7ACE-4C93-A191-4579E0E7B9D1}.Debug|x86.Build.0 = Debug|Any CPU
		{F2A7FC35-7ACE-4C93-A191-4579E0E7B9D1}.Release|Any CPU.ActiveCfg = Release|Any CPU
		{F2A7FC35-7ACE-4C93-A191-4579E0E7B9D1}.Release|Any CPU.Build.0 = Release|Any CPU
		{F2A7FC35-7ACE-4C93-A191-4579E0E7B9D1}.Release|x64.ActiveCfg = Release|Any CPU
		{F2A7FC35-7ACE-4C93-A191-4579E0E7B9D1}.Release|x64.Build.0 = Release|Any CPU
		{F2A7FC35-7ACE-4C93-A191-4579E0E7B9D1}.Release|x86.ActiveCfg = Release|Any CPU
		{F2A7FC35-7ACE-4C93-A191-4579E0E7B9D1}.Release|x86.Build.0 = Release|Any CPU
		{642748E3-092B-4851-92CD-C003BFCD38D0}.Debug|Any CPU.ActiveCfg = Debug|Any CPU
		{642748E3-092B-4851-92CD-C003BFCD38D0}.Debug|Any CPU.Build.0 = Debug|Any CPU
		{642748E3-092B-4851-92CD-C003BFCD38D0}.Debug|x64.ActiveCfg = Debug|Any CPU
		{642748E3-092B-4851-92CD-C003BFCD38D0}.Debug|x64.Build.0 = Debug|Any CPU
		{642748E3-092B-4851-92CD-C003BFCD38D0}.Debug|x86.ActiveCfg = Debug|Any CPU
		{642748E3-092B-4851-92CD-C003BFCD38D0}.Debug|x86.Build.0 = Debug|Any CPU
		{642748E3-092B-4851-92CD-C003BFCD38D0}.Release|Any CPU.ActiveCfg = Release|Any CPU
		{642748E3-092B-4851-92CD-C003BFCD38D0}.Release|Any CPU.Build.0 = Release|Any CPU
		{642748E3-092B-4851-92CD-C003BFCD38D0}.Release|x64.ActiveCfg = Release|Any CPU
		{642748E3-092B-4851-92CD-C003BFCD38D0}.Release|x64.Build.0 = Release|Any CPU
		{642748E3-092B-4851-92CD-C003BFCD38D0}.Release|x86.ActiveCfg = Release|Any CPU
		{642748E3-092B-4851-92CD-C003BFCD38D0}.Release|x86.Build.0 = Release|Any CPU
		{A4B20BF0-5498-4071-8D31-2E76D7289D96}.Debug|Any CPU.ActiveCfg = Debug|Any CPU
		{A4B20BF0-5498-4071-8D31-2E76D7289D96}.Debug|Any CPU.Build.0 = Debug|Any CPU
		{A4B20BF0-5498-4071-8D31-2E76D7289D96}.Debug|x64.ActiveCfg = Debug|Any CPU
		{A4B20BF0-5498-4071-8D31-2E76D7289D96}.Debug|x64.Build.0 = Debug|Any CPU
		{A4B20BF0-5498-4071-8D31-2E76D7289D96}.Debug|x86.ActiveCfg = Debug|Any CPU
		{A4B20BF0-5498-4071-8D31-2E76D7289D96}.Debug|x86.Build.0 = Debug|Any CPU
		{A4B20BF0-5498-4071-8D31-2E76D7289D96}.Release|Any CPU.ActiveCfg = Release|Any CPU
		{A4B20BF0-5498-4071-8D31-2E76D7289D96}.Release|Any CPU.Build.0 = Release|Any CPU
		{A4B20BF0-5498-4071-8D31-2E76D7289D96}.Release|x64.ActiveCfg = Release|Any CPU
		{A4B20BF0-5498-4071-8D31-2E76D7289D96}.Release|x64.Build.0 = Release|Any CPU
		{A4B20BF0-5498-4071-8D31-2E76D7289D96}.Release|x86.ActiveCfg = Release|Any CPU
		{A4B20BF0-5498-4071-8D31-2E76D7289D96}.Release|x86.Build.0 = Release|Any CPU
		{6A13D015-7F91-4669-9136-B6FE0157188A}.Debug|Any CPU.ActiveCfg = Debug|Any CPU
		{6A13D015-7F91-4669-9136-B6FE0157188A}.Debug|Any CPU.Build.0 = Debug|Any CPU
		{6A13D015-7F91-4669-9136-B6FE0157188A}.Debug|x64.ActiveCfg = Debug|Any CPU
		{6A13D015-7F91-4669-9136-B6FE0157188A}.Debug|x64.Build.0 = Debug|Any CPU
		{6A13D015-7F91-4669-9136-B6FE0157188A}.Debug|x86.ActiveCfg = Debug|Any CPU
		{6A13D015-7F91-4669-9136-B6FE0157188A}.Debug|x86.Build.0 = Debug|Any CPU
		{6A13D015-7F91-4669-9136-B6FE0157188A}.Release|Any CPU.ActiveCfg = Release|Any CPU
		{6A13D015-7F91-4669-9136-B6FE0157188A}.Release|Any CPU.Build.0 = Release|Any CPU
		{6A13D015-7F91-4669-9136-B6FE0157188A}.Release|x64.ActiveCfg = Release|Any CPU
		{6A13D015-7F91-4669-9136-B6FE0157188A}.Release|x64.Build.0 = Release|Any CPU
		{6A13D015-7F91-4669-9136-B6FE0157188A}.Release|x86.ActiveCfg = Release|Any CPU
		{6A13D015-7F91-4669-9136-B6FE0157188A}.Release|x86.Build.0 = Release|Any CPU
		{AAB544A5-6B14-4F24-937B-6A3AA57CD946}.Debug|Any CPU.ActiveCfg = Debug|Any CPU
		{AAB544A5-6B14-4F24-937B-6A3AA57CD946}.Debug|Any CPU.Build.0 = Debug|Any CPU
		{AAB544A5-6B14-4F24-937B-6A3AA57CD946}.Debug|x64.ActiveCfg = Debug|Any CPU
		{AAB544A5-6B14-4F24-937B-6A3AA57CD946}.Debug|x64.Build.0 = Debug|Any CPU
		{AAB544A5-6B14-4F24-937B-6A3AA57CD946}.Debug|x86.ActiveCfg = Debug|Any CPU
		{AAB544A5-6B14-4F24-937B-6A3AA57CD946}.Debug|x86.Build.0 = Debug|Any CPU
		{AAB544A5-6B14-4F24-937B-6A3AA57CD946}.Release|Any CPU.ActiveCfg = Release|Any CPU
		{AAB544A5-6B14-4F24-937B-6A3AA57CD946}.Release|Any CPU.Build.0 = Release|Any CPU
		{AAB544A5-6B14-4F24-937B-6A3AA57CD946}.Release|x64.ActiveCfg = Release|Any CPU
		{AAB544A5-6B14-4F24-937B-6A3AA57CD946}.Release|x64.Build.0 = Release|Any CPU
		{AAB544A5-6B14-4F24-937B-6A3AA57CD946}.Release|x86.ActiveCfg = Release|Any CPU
		{AAB544A5-6B14-4F24-937B-6A3AA57CD946}.Release|x86.Build.0 = Release|Any CPU
		{5A0E3736-322F-422C-A642-30098BF5E6AA}.Debug|Any CPU.ActiveCfg = Debug|Any CPU
		{5A0E3736-322F-422C-A642-30098BF5E6AA}.Debug|Any CPU.Build.0 = Debug|Any CPU
		{5A0E3736-322F-422C-A642-30098BF5E6AA}.Debug|x64.ActiveCfg = Debug|Any CPU
		{5A0E3736-322F-422C-A642-30098BF5E6AA}.Debug|x64.Build.0 = Debug|Any CPU
		{5A0E3736-322F-422C-A642-30098BF5E6AA}.Debug|x86.ActiveCfg = Debug|Any CPU
		{5A0E3736-322F-422C-A642-30098BF5E6AA}.Debug|x86.Build.0 = Debug|Any CPU
		{5A0E3736-322F-422C-A642-30098BF5E6AA}.Release|Any CPU.ActiveCfg = Release|Any CPU
		{5A0E3736-322F-422C-A642-30098BF5E6AA}.Release|Any CPU.Build.0 = Release|Any CPU
		{5A0E3736-322F-422C-A642-30098BF5E6AA}.Release|x64.ActiveCfg = Release|Any CPU
		{5A0E3736-322F-422C-A642-30098BF5E6AA}.Release|x64.Build.0 = Release|Any CPU
		{5A0E3736-322F-422C-A642-30098BF5E6AA}.Release|x86.ActiveCfg = Release|Any CPU
		{5A0E3736-322F-422C-A642-30098BF5E6AA}.Release|x86.Build.0 = Release|Any CPU
		{6B89916D-7B57-40FF-802F-90629B9F8F5D}.Debug|Any CPU.ActiveCfg = Debug|Any CPU
		{6B89916D-7B57-40FF-802F-90629B9F8F5D}.Debug|Any CPU.Build.0 = Debug|Any CPU
		{6B89916D-7B57-40FF-802F-90629B9F8F5D}.Debug|x64.ActiveCfg = Debug|Any CPU
		{6B89916D-7B57-40FF-802F-90629B9F8F5D}.Debug|x64.Build.0 = Debug|Any CPU
		{6B89916D-7B57-40FF-802F-90629B9F8F5D}.Debug|x86.ActiveCfg = Debug|Any CPU
		{6B89916D-7B57-40FF-802F-90629B9F8F5D}.Debug|x86.Build.0 = Debug|Any CPU
		{6B89916D-7B57-40FF-802F-90629B9F8F5D}.Release|Any CPU.ActiveCfg = Release|Any CPU
		{6B89916D-7B57-40FF-802F-90629B9F8F5D}.Release|Any CPU.Build.0 = Release|Any CPU
		{6B89916D-7B57-40FF-802F-90629B9F8F5D}.Release|x64.ActiveCfg = Release|Any CPU
		{6B89916D-7B57-40FF-802F-90629B9F8F5D}.Release|x64.Build.0 = Release|Any CPU
		{6B89916D-7B57-40FF-802F-90629B9F8F5D}.Release|x86.ActiveCfg = Release|Any CPU
		{6B89916D-7B57-40FF-802F-90629B9F8F5D}.Release|x86.Build.0 = Release|Any CPU
		{A018D167-0682-47B6-BF4B-C123992EE501}.Debug|Any CPU.ActiveCfg = Debug|Any CPU
		{A018D167-0682-47B6-BF4B-C123992EE501}.Debug|Any CPU.Build.0 = Debug|Any CPU
		{A018D167-0682-47B6-BF4B-C123992EE501}.Debug|x64.ActiveCfg = Debug|Any CPU
		{A018D167-0682-47B6-BF4B-C123992EE501}.Debug|x64.Build.0 = Debug|Any CPU
		{A018D167-0682-47B6-BF4B-C123992EE501}.Debug|x86.ActiveCfg = Debug|Any CPU
		{A018D167-0682-47B6-BF4B-C123992EE501}.Debug|x86.Build.0 = Debug|Any CPU
		{A018D167-0682-47B6-BF4B-C123992EE501}.Release|Any CPU.ActiveCfg = Release|Any CPU
		{A018D167-0682-47B6-BF4B-C123992EE501}.Release|Any CPU.Build.0 = Release|Any CPU
		{A018D167-0682-47B6-BF4B-C123992EE501}.Release|x64.ActiveCfg = Release|Any CPU
		{A018D167-0682-47B6-BF4B-C123992EE501}.Release|x64.Build.0 = Release|Any CPU
		{A018D167-0682-47B6-BF4B-C123992EE501}.Release|x86.ActiveCfg = Release|Any CPU
		{A018D167-0682-47B6-BF4B-C123992EE501}.Release|x86.Build.0 = Release|Any CPU
		{9E500829-9B7C-4952-93C5-7FD065F50E38}.Debug|Any CPU.ActiveCfg = Debug|Any CPU
		{9E500829-9B7C-4952-93C5-7FD065F50E38}.Debug|Any CPU.Build.0 = Debug|Any CPU
		{9E500829-9B7C-4952-93C5-7FD065F50E38}.Debug|x64.ActiveCfg = Debug|Any CPU
		{9E500829-9B7C-4952-93C5-7FD065F50E38}.Debug|x64.Build.0 = Debug|Any CPU
		{9E500829-9B7C-4952-93C5-7FD065F50E38}.Debug|x86.ActiveCfg = Debug|Any CPU
		{9E500829-9B7C-4952-93C5-7FD065F50E38}.Debug|x86.Build.0 = Debug|Any CPU
		{9E500829-9B7C-4952-93C5-7FD065F50E38}.Release|Any CPU.ActiveCfg = Release|Any CPU
		{9E500829-9B7C-4952-93C5-7FD065F50E38}.Release|Any CPU.Build.0 = Release|Any CPU
		{9E500829-9B7C-4952-93C5-7FD065F50E38}.Release|x64.ActiveCfg = Release|Any CPU
		{9E500829-9B7C-4952-93C5-7FD065F50E38}.Release|x64.Build.0 = Release|Any CPU
		{9E500829-9B7C-4952-93C5-7FD065F50E38}.Release|x86.ActiveCfg = Release|Any CPU
		{9E500829-9B7C-4952-93C5-7FD065F50E38}.Release|x86.Build.0 = Release|Any CPU
		{11806AA7-EBA2-42AD-A559-A3C7FE0CF4C8}.Debug|Any CPU.ActiveCfg = Debug|Any CPU
		{11806AA7-EBA2-42AD-A559-A3C7FE0CF4C8}.Debug|Any CPU.Build.0 = Debug|Any CPU
		{11806AA7-EBA2-42AD-A559-A3C7FE0CF4C8}.Debug|x64.ActiveCfg = Debug|Any CPU
		{11806AA7-EBA2-42AD-A559-A3C7FE0CF4C8}.Debug|x64.Build.0 = Debug|Any CPU
		{11806AA7-EBA2-42AD-A559-A3C7FE0CF4C8}.Debug|x86.ActiveCfg = Debug|Any CPU
		{11806AA7-EBA2-42AD-A559-A3C7FE0CF4C8}.Debug|x86.Build.0 = Debug|Any CPU
		{11806AA7-EBA2-42AD-A559-A3C7FE0CF4C8}.Release|Any CPU.ActiveCfg = Release|Any CPU
		{11806AA7-EBA2-42AD-A559-A3C7FE0CF4C8}.Release|Any CPU.Build.0 = Release|Any CPU
		{11806AA7-EBA2-42AD-A559-A3C7FE0CF4C8}.Release|x64.ActiveCfg = Release|Any CPU
		{11806AA7-EBA2-42AD-A559-A3C7FE0CF4C8}.Release|x64.Build.0 = Release|Any CPU
		{11806AA7-EBA2-42AD-A559-A3C7FE0CF4C8}.Release|x86.ActiveCfg = Release|Any CPU
		{11806AA7-EBA2-42AD-A559-A3C7FE0CF4C8}.Release|x86.Build.0 = Release|Any CPU
		{4C6D3C0A-9ED9-4587-A290-337BBEA5181B}.Debug|Any CPU.ActiveCfg = Debug|Any CPU
		{4C6D3C0A-9ED9-4587-A290-337BBEA5181B}.Debug|Any CPU.Build.0 = Debug|Any CPU
		{4C6D3C0A-9ED9-4587-A290-337BBEA5181B}.Debug|x64.ActiveCfg = Debug|Any CPU
		{4C6D3C0A-9ED9-4587-A290-337BBEA5181B}.Debug|x64.Build.0 = Debug|Any CPU
		{4C6D3C0A-9ED9-4587-A290-337BBEA5181B}.Debug|x86.ActiveCfg = Debug|Any CPU
		{4C6D3C0A-9ED9-4587-A290-337BBEA5181B}.Debug|x86.Build.0 = Debug|Any CPU
		{4C6D3C0A-9ED9-4587-A290-337BBEA5181B}.Release|Any CPU.ActiveCfg = Release|Any CPU
		{4C6D3C0A-9ED9-4587-A290-337BBEA5181B}.Release|Any CPU.Build.0 = Release|Any CPU
		{4C6D3C0A-9ED9-4587-A290-337BBEA5181B}.Release|x64.ActiveCfg = Release|Any CPU
		{4C6D3C0A-9ED9-4587-A290-337BBEA5181B}.Release|x64.Build.0 = Release|Any CPU
		{4C6D3C0A-9ED9-4587-A290-337BBEA5181B}.Release|x86.ActiveCfg = Release|Any CPU
		{4C6D3C0A-9ED9-4587-A290-337BBEA5181B}.Release|x86.Build.0 = Release|Any CPU
		{EEED734A-56CD-468D-B9ED-02D8CBEF5CC8}.Debug|Any CPU.ActiveCfg = Debug|Any CPU
		{EEED734A-56CD-468D-B9ED-02D8CBEF5CC8}.Debug|Any CPU.Build.0 = Debug|Any CPU
		{EEED734A-56CD-468D-B9ED-02D8CBEF5CC8}.Debug|x64.ActiveCfg = Debug|Any CPU
		{EEED734A-56CD-468D-B9ED-02D8CBEF5CC8}.Debug|x64.Build.0 = Debug|Any CPU
		{EEED734A-56CD-468D-B9ED-02D8CBEF5CC8}.Debug|x86.ActiveCfg = Debug|Any CPU
		{EEED734A-56CD-468D-B9ED-02D8CBEF5CC8}.Debug|x86.Build.0 = Debug|Any CPU
		{EEED734A-56CD-468D-B9ED-02D8CBEF5CC8}.Release|Any CPU.ActiveCfg = Release|Any CPU
		{EEED734A-56CD-468D-B9ED-02D8CBEF5CC8}.Release|Any CPU.Build.0 = Release|Any CPU
		{EEED734A-56CD-468D-B9ED-02D8CBEF5CC8}.Release|x64.ActiveCfg = Release|Any CPU
		{EEED734A-56CD-468D-B9ED-02D8CBEF5CC8}.Release|x64.Build.0 = Release|Any CPU
		{EEED734A-56CD-468D-B9ED-02D8CBEF5CC8}.Release|x86.ActiveCfg = Release|Any CPU
		{EEED734A-56CD-468D-B9ED-02D8CBEF5CC8}.Release|x86.Build.0 = Release|Any CPU
		{57466C79-0F48-4E53-AE52-1A9F14311C5A}.Debug|Any CPU.ActiveCfg = Debug|Any CPU
		{57466C79-0F48-4E53-AE52-1A9F14311C5A}.Debug|Any CPU.Build.0 = Debug|Any CPU
		{57466C79-0F48-4E53-AE52-1A9F14311C5A}.Debug|x64.ActiveCfg = Debug|Any CPU
		{57466C79-0F48-4E53-AE52-1A9F14311C5A}.Debug|x64.Build.0 = Debug|Any CPU
		{57466C79-0F48-4E53-AE52-1A9F14311C5A}.Debug|x86.ActiveCfg = Debug|Any CPU
		{57466C79-0F48-4E53-AE52-1A9F14311C5A}.Debug|x86.Build.0 = Debug|Any CPU
		{57466C79-0F48-4E53-AE52-1A9F14311C5A}.Release|Any CPU.ActiveCfg = Release|Any CPU
		{57466C79-0F48-4E53-AE52-1A9F14311C5A}.Release|Any CPU.Build.0 = Release|Any CPU
		{57466C79-0F48-4E53-AE52-1A9F14311C5A}.Release|x64.ActiveCfg = Release|Any CPU
		{57466C79-0F48-4E53-AE52-1A9F14311C5A}.Release|x64.Build.0 = Release|Any CPU
		{57466C79-0F48-4E53-AE52-1A9F14311C5A}.Release|x86.ActiveCfg = Release|Any CPU
		{57466C79-0F48-4E53-AE52-1A9F14311C5A}.Release|x86.Build.0 = Release|Any CPU
		{0331ED33-EA01-4CC0-B073-B82B46EA17DD}.Debug|Any CPU.ActiveCfg = Debug|Any CPU
		{0331ED33-EA01-4CC0-B073-B82B46EA17DD}.Debug|Any CPU.Build.0 = Debug|Any CPU
		{0331ED33-EA01-4CC0-B073-B82B46EA17DD}.Debug|x64.ActiveCfg = Debug|Any CPU
		{0331ED33-EA01-4CC0-B073-B82B46EA17DD}.Debug|x64.Build.0 = Debug|Any CPU
		{0331ED33-EA01-4CC0-B073-B82B46EA17DD}.Debug|x86.ActiveCfg = Debug|Any CPU
		{0331ED33-EA01-4CC0-B073-B82B46EA17DD}.Debug|x86.Build.0 = Debug|Any CPU
		{0331ED33-EA01-4CC0-B073-B82B46EA17DD}.Release|Any CPU.ActiveCfg = Release|Any CPU
		{0331ED33-EA01-4CC0-B073-B82B46EA17DD}.Release|Any CPU.Build.0 = Release|Any CPU
		{0331ED33-EA01-4CC0-B073-B82B46EA17DD}.Release|x64.ActiveCfg = Release|Any CPU
		{0331ED33-EA01-4CC0-B073-B82B46EA17DD}.Release|x64.Build.0 = Release|Any CPU
		{0331ED33-EA01-4CC0-B073-B82B46EA17DD}.Release|x86.ActiveCfg = Release|Any CPU
		{0331ED33-EA01-4CC0-B073-B82B46EA17DD}.Release|x86.Build.0 = Release|Any CPU
		{87A3A138-C893-4B2A-8AD2-250E523A4868}.Debug|Any CPU.ActiveCfg = Debug|Any CPU
		{87A3A138-C893-4B2A-8AD2-250E523A4868}.Debug|Any CPU.Build.0 = Debug|Any CPU
		{87A3A138-C893-4B2A-8AD2-250E523A4868}.Debug|x64.ActiveCfg = Debug|Any CPU
		{87A3A138-C893-4B2A-8AD2-250E523A4868}.Debug|x64.Build.0 = Debug|Any CPU
		{87A3A138-C893-4B2A-8AD2-250E523A4868}.Debug|x86.ActiveCfg = Debug|Any CPU
		{87A3A138-C893-4B2A-8AD2-250E523A4868}.Debug|x86.Build.0 = Debug|Any CPU
		{87A3A138-C893-4B2A-8AD2-250E523A4868}.Release|Any CPU.ActiveCfg = Release|Any CPU
		{87A3A138-C893-4B2A-8AD2-250E523A4868}.Release|Any CPU.Build.0 = Release|Any CPU
		{87A3A138-C893-4B2A-8AD2-250E523A4868}.Release|x64.ActiveCfg = Release|Any CPU
		{87A3A138-C893-4B2A-8AD2-250E523A4868}.Release|x64.Build.0 = Release|Any CPU
		{87A3A138-C893-4B2A-8AD2-250E523A4868}.Release|x86.ActiveCfg = Release|Any CPU
		{87A3A138-C893-4B2A-8AD2-250E523A4868}.Release|x86.Build.0 = Release|Any CPU
		{337B41D3-6674-4628-B309-7723DAFE119D}.Debug|Any CPU.ActiveCfg = Debug|Any CPU
		{337B41D3-6674-4628-B309-7723DAFE119D}.Debug|Any CPU.Build.0 = Debug|Any CPU
		{337B41D3-6674-4628-B309-7723DAFE119D}.Debug|x64.ActiveCfg = Debug|Any CPU
		{337B41D3-6674-4628-B309-7723DAFE119D}.Debug|x64.Build.0 = Debug|Any CPU
		{337B41D3-6674-4628-B309-7723DAFE119D}.Debug|x86.ActiveCfg = Debug|Any CPU
		{337B41D3-6674-4628-B309-7723DAFE119D}.Debug|x86.Build.0 = Debug|Any CPU
		{337B41D3-6674-4628-B309-7723DAFE119D}.Release|Any CPU.ActiveCfg = Release|Any CPU
		{337B41D3-6674-4628-B309-7723DAFE119D}.Release|Any CPU.Build.0 = Release|Any CPU
		{337B41D3-6674-4628-B309-7723DAFE119D}.Release|x64.ActiveCfg = Release|Any CPU
		{337B41D3-6674-4628-B309-7723DAFE119D}.Release|x64.Build.0 = Release|Any CPU
		{337B41D3-6674-4628-B309-7723DAFE119D}.Release|x86.ActiveCfg = Release|Any CPU
		{337B41D3-6674-4628-B309-7723DAFE119D}.Release|x86.Build.0 = Release|Any CPU
		{7845AEC2-149F-45F4-9302-D7A8C2D3708D}.Debug|Any CPU.ActiveCfg = Debug|Any CPU
		{7845AEC2-149F-45F4-9302-D7A8C2D3708D}.Debug|Any CPU.Build.0 = Debug|Any CPU
		{7845AEC2-149F-45F4-9302-D7A8C2D3708D}.Debug|x64.ActiveCfg = Debug|Any CPU
		{7845AEC2-149F-45F4-9302-D7A8C2D3708D}.Debug|x64.Build.0 = Debug|Any CPU
		{7845AEC2-149F-45F4-9302-D7A8C2D3708D}.Debug|x86.ActiveCfg = Debug|Any CPU
		{7845AEC2-149F-45F4-9302-D7A8C2D3708D}.Debug|x86.Build.0 = Debug|Any CPU
		{7845AEC2-149F-45F4-9302-D7A8C2D3708D}.Release|Any CPU.ActiveCfg = Release|Any CPU
		{7845AEC2-149F-45F4-9302-D7A8C2D3708D}.Release|Any CPU.Build.0 = Release|Any CPU
		{7845AEC2-149F-45F4-9302-D7A8C2D3708D}.Release|x64.ActiveCfg = Release|Any CPU
		{7845AEC2-149F-45F4-9302-D7A8C2D3708D}.Release|x64.Build.0 = Release|Any CPU
		{7845AEC2-149F-45F4-9302-D7A8C2D3708D}.Release|x86.ActiveCfg = Release|Any CPU
		{7845AEC2-149F-45F4-9302-D7A8C2D3708D}.Release|x86.Build.0 = Release|Any CPU
		{D70C4DB1-4E7F-4443-A474-08FC8629E28B}.Debug|Any CPU.ActiveCfg = Debug|Any CPU
		{D70C4DB1-4E7F-4443-A474-08FC8629E28B}.Debug|Any CPU.Build.0 = Debug|Any CPU
		{D70C4DB1-4E7F-4443-A474-08FC8629E28B}.Debug|x64.ActiveCfg = Debug|Any CPU
		{D70C4DB1-4E7F-4443-A474-08FC8629E28B}.Debug|x64.Build.0 = Debug|Any CPU
		{D70C4DB1-4E7F-4443-A474-08FC8629E28B}.Debug|x86.ActiveCfg = Debug|Any CPU
		{D70C4DB1-4E7F-4443-A474-08FC8629E28B}.Debug|x86.Build.0 = Debug|Any CPU
		{D70C4DB1-4E7F-4443-A474-08FC8629E28B}.Release|Any CPU.ActiveCfg = Release|Any CPU
		{D70C4DB1-4E7F-4443-A474-08FC8629E28B}.Release|Any CPU.Build.0 = Release|Any CPU
		{D70C4DB1-4E7F-4443-A474-08FC8629E28B}.Release|x64.ActiveCfg = Release|Any CPU
		{D70C4DB1-4E7F-4443-A474-08FC8629E28B}.Release|x64.Build.0 = Release|Any CPU
		{D70C4DB1-4E7F-4443-A474-08FC8629E28B}.Release|x86.ActiveCfg = Release|Any CPU
		{D70C4DB1-4E7F-4443-A474-08FC8629E28B}.Release|x86.Build.0 = Release|Any CPU
		{5A8F6887-0189-49BE-AD8C-3E10DC0477E8}.Debug|Any CPU.ActiveCfg = Debug|Any CPU
		{5A8F6887-0189-49BE-AD8C-3E10DC0477E8}.Debug|Any CPU.Build.0 = Debug|Any CPU
		{5A8F6887-0189-49BE-AD8C-3E10DC0477E8}.Debug|x64.ActiveCfg = Debug|Any CPU
		{5A8F6887-0189-49BE-AD8C-3E10DC0477E8}.Debug|x64.Build.0 = Debug|Any CPU
		{5A8F6887-0189-49BE-AD8C-3E10DC0477E8}.Debug|x86.ActiveCfg = Debug|Any CPU
		{5A8F6887-0189-49BE-AD8C-3E10DC0477E8}.Debug|x86.Build.0 = Debug|Any CPU
		{5A8F6887-0189-49BE-AD8C-3E10DC0477E8}.Release|Any CPU.ActiveCfg = Release|Any CPU
		{5A8F6887-0189-49BE-AD8C-3E10DC0477E8}.Release|Any CPU.Build.0 = Release|Any CPU
		{5A8F6887-0189-49BE-AD8C-3E10DC0477E8}.Release|x64.ActiveCfg = Release|Any CPU
		{5A8F6887-0189-49BE-AD8C-3E10DC0477E8}.Release|x64.Build.0 = Release|Any CPU
		{5A8F6887-0189-49BE-AD8C-3E10DC0477E8}.Release|x86.ActiveCfg = Release|Any CPU
		{5A8F6887-0189-49BE-AD8C-3E10DC0477E8}.Release|x86.Build.0 = Release|Any CPU
		{A2EE5C23-7CB5-4A4A-86A9-E80F334E2F48}.Debug|Any CPU.ActiveCfg = Debug|Any CPU
		{A2EE5C23-7CB5-4A4A-86A9-E80F334E2F48}.Debug|Any CPU.Build.0 = Debug|Any CPU
		{A2EE5C23-7CB5-4A4A-86A9-E80F334E2F48}.Debug|x64.ActiveCfg = Debug|Any CPU
		{A2EE5C23-7CB5-4A4A-86A9-E80F334E2F48}.Debug|x64.Build.0 = Debug|Any CPU
		{A2EE5C23-7CB5-4A4A-86A9-E80F334E2F48}.Debug|x86.ActiveCfg = Debug|Any CPU
		{A2EE5C23-7CB5-4A4A-86A9-E80F334E2F48}.Debug|x86.Build.0 = Debug|Any CPU
		{A2EE5C23-7CB5-4A4A-86A9-E80F334E2F48}.Release|Any CPU.ActiveCfg = Release|Any CPU
		{A2EE5C23-7CB5-4A4A-86A9-E80F334E2F48}.Release|Any CPU.Build.0 = Release|Any CPU
		{A2EE5C23-7CB5-4A4A-86A9-E80F334E2F48}.Release|x64.ActiveCfg = Release|Any CPU
		{A2EE5C23-7CB5-4A4A-86A9-E80F334E2F48}.Release|x64.Build.0 = Release|Any CPU
		{A2EE5C23-7CB5-4A4A-86A9-E80F334E2F48}.Release|x86.ActiveCfg = Release|Any CPU
		{A2EE5C23-7CB5-4A4A-86A9-E80F334E2F48}.Release|x86.Build.0 = Release|Any CPU
		{553302E8-6FDF-401C-BB3C-14D831E57385}.Debug|Any CPU.ActiveCfg = Debug|Any CPU
		{553302E8-6FDF-401C-BB3C-14D831E57385}.Debug|Any CPU.Build.0 = Debug|Any CPU
		{553302E8-6FDF-401C-BB3C-14D831E57385}.Debug|x64.ActiveCfg = Debug|Any CPU
		{553302E8-6FDF-401C-BB3C-14D831E57385}.Debug|x64.Build.0 = Debug|Any CPU
		{553302E8-6FDF-401C-BB3C-14D831E57385}.Debug|x86.ActiveCfg = Debug|Any CPU
		{553302E8-6FDF-401C-BB3C-14D831E57385}.Debug|x86.Build.0 = Debug|Any CPU
		{553302E8-6FDF-401C-BB3C-14D831E57385}.Release|Any CPU.ActiveCfg = Release|Any CPU
		{553302E8-6FDF-401C-BB3C-14D831E57385}.Release|Any CPU.Build.0 = Release|Any CPU
		{553302E8-6FDF-401C-BB3C-14D831E57385}.Release|x64.ActiveCfg = Release|Any CPU
		{553302E8-6FDF-401C-BB3C-14D831E57385}.Release|x64.Build.0 = Release|Any CPU
		{553302E8-6FDF-401C-BB3C-14D831E57385}.Release|x86.ActiveCfg = Release|Any CPU
		{553302E8-6FDF-401C-BB3C-14D831E57385}.Release|x86.Build.0 = Release|Any CPU
		{35B8D350-4A1E-4A8B-9FED-307B334C12AE}.Debug|Any CPU.ActiveCfg = Debug|Any CPU
		{35B8D350-4A1E-4A8B-9FED-307B334C12AE}.Debug|Any CPU.Build.0 = Debug|Any CPU
		{35B8D350-4A1E-4A8B-9FED-307B334C12AE}.Debug|x64.ActiveCfg = Debug|Any CPU
		{35B8D350-4A1E-4A8B-9FED-307B334C12AE}.Debug|x64.Build.0 = Debug|Any CPU
		{35B8D350-4A1E-4A8B-9FED-307B334C12AE}.Debug|x86.ActiveCfg = Debug|Any CPU
		{35B8D350-4A1E-4A8B-9FED-307B334C12AE}.Debug|x86.Build.0 = Debug|Any CPU
		{35B8D350-4A1E-4A8B-9FED-307B334C12AE}.Release|Any CPU.ActiveCfg = Release|Any CPU
		{35B8D350-4A1E-4A8B-9FED-307B334C12AE}.Release|Any CPU.Build.0 = Release|Any CPU
		{35B8D350-4A1E-4A8B-9FED-307B334C12AE}.Release|x64.ActiveCfg = Release|Any CPU
		{35B8D350-4A1E-4A8B-9FED-307B334C12AE}.Release|x64.Build.0 = Release|Any CPU
		{35B8D350-4A1E-4A8B-9FED-307B334C12AE}.Release|x86.ActiveCfg = Release|Any CPU
		{35B8D350-4A1E-4A8B-9FED-307B334C12AE}.Release|x86.Build.0 = Release|Any CPU
		{E4F998BC-401A-4268-A101-F7CF8D7E9637}.Debug|Any CPU.ActiveCfg = Debug|Any CPU
		{E4F998BC-401A-4268-A101-F7CF8D7E9637}.Debug|Any CPU.Build.0 = Debug|Any CPU
		{E4F998BC-401A-4268-A101-F7CF8D7E9637}.Debug|x64.ActiveCfg = Debug|Any CPU
		{E4F998BC-401A-4268-A101-F7CF8D7E9637}.Debug|x64.Build.0 = Debug|Any CPU
		{E4F998BC-401A-4268-A101-F7CF8D7E9637}.Debug|x86.ActiveCfg = Debug|Any CPU
		{E4F998BC-401A-4268-A101-F7CF8D7E9637}.Debug|x86.Build.0 = Debug|Any CPU
		{E4F998BC-401A-4268-A101-F7CF8D7E9637}.Release|Any CPU.ActiveCfg = Release|Any CPU
		{E4F998BC-401A-4268-A101-F7CF8D7E9637}.Release|Any CPU.Build.0 = Release|Any CPU
		{E4F998BC-401A-4268-A101-F7CF8D7E9637}.Release|x64.ActiveCfg = Release|Any CPU
		{E4F998BC-401A-4268-A101-F7CF8D7E9637}.Release|x64.Build.0 = Release|Any CPU
		{E4F998BC-401A-4268-A101-F7CF8D7E9637}.Release|x86.ActiveCfg = Release|Any CPU
		{E4F998BC-401A-4268-A101-F7CF8D7E9637}.Release|x86.Build.0 = Release|Any CPU
		{AE07D7A6-B1AA-4014-9676-4F2E0FDB817B}.Debug|Any CPU.ActiveCfg = Debug|Any CPU
		{AE07D7A6-B1AA-4014-9676-4F2E0FDB817B}.Debug|Any CPU.Build.0 = Debug|Any CPU
		{AE07D7A6-B1AA-4014-9676-4F2E0FDB817B}.Debug|x64.ActiveCfg = Debug|Any CPU
		{AE07D7A6-B1AA-4014-9676-4F2E0FDB817B}.Debug|x64.Build.0 = Debug|Any CPU
		{AE07D7A6-B1AA-4014-9676-4F2E0FDB817B}.Debug|x86.ActiveCfg = Debug|Any CPU
		{AE07D7A6-B1AA-4014-9676-4F2E0FDB817B}.Debug|x86.Build.0 = Debug|Any CPU
		{AE07D7A6-B1AA-4014-9676-4F2E0FDB817B}.Release|Any CPU.ActiveCfg = Release|Any CPU
		{AE07D7A6-B1AA-4014-9676-4F2E0FDB817B}.Release|Any CPU.Build.0 = Release|Any CPU
		{AE07D7A6-B1AA-4014-9676-4F2E0FDB817B}.Release|x64.ActiveCfg = Release|Any CPU
		{AE07D7A6-B1AA-4014-9676-4F2E0FDB817B}.Release|x64.Build.0 = Release|Any CPU
		{AE07D7A6-B1AA-4014-9676-4F2E0FDB817B}.Release|x86.ActiveCfg = Release|Any CPU
		{AE07D7A6-B1AA-4014-9676-4F2E0FDB817B}.Release|x86.Build.0 = Release|Any CPU
		{2D3C0476-5F92-4956-B3C9-00D06544B1EF}.Debug|Any CPU.ActiveCfg = Debug|Any CPU
		{2D3C0476-5F92-4956-B3C9-00D06544B1EF}.Debug|Any CPU.Build.0 = Debug|Any CPU
		{2D3C0476-5F92-4956-B3C9-00D06544B1EF}.Debug|x64.ActiveCfg = Debug|Any CPU
		{2D3C0476-5F92-4956-B3C9-00D06544B1EF}.Debug|x64.Build.0 = Debug|Any CPU
		{2D3C0476-5F92-4956-B3C9-00D06544B1EF}.Debug|x86.ActiveCfg = Debug|Any CPU
		{2D3C0476-5F92-4956-B3C9-00D06544B1EF}.Debug|x86.Build.0 = Debug|Any CPU
		{2D3C0476-5F92-4956-B3C9-00D06544B1EF}.Release|Any CPU.ActiveCfg = Release|Any CPU
		{2D3C0476-5F92-4956-B3C9-00D06544B1EF}.Release|Any CPU.Build.0 = Release|Any CPU
		{2D3C0476-5F92-4956-B3C9-00D06544B1EF}.Release|x64.ActiveCfg = Release|Any CPU
		{2D3C0476-5F92-4956-B3C9-00D06544B1EF}.Release|x64.Build.0 = Release|Any CPU
		{2D3C0476-5F92-4956-B3C9-00D06544B1EF}.Release|x86.ActiveCfg = Release|Any CPU
		{2D3C0476-5F92-4956-B3C9-00D06544B1EF}.Release|x86.Build.0 = Release|Any CPU
		{41431C99-59DF-4B7D-9647-BDF4258B048D}.Debug|Any CPU.ActiveCfg = Debug|Any CPU
		{41431C99-59DF-4B7D-9647-BDF4258B048D}.Debug|Any CPU.Build.0 = Debug|Any CPU
		{41431C99-59DF-4B7D-9647-BDF4258B048D}.Debug|x64.ActiveCfg = Debug|Any CPU
		{41431C99-59DF-4B7D-9647-BDF4258B048D}.Debug|x64.Build.0 = Debug|Any CPU
		{41431C99-59DF-4B7D-9647-BDF4258B048D}.Debug|x86.ActiveCfg = Debug|Any CPU
		{41431C99-59DF-4B7D-9647-BDF4258B048D}.Debug|x86.Build.0 = Debug|Any CPU
		{41431C99-59DF-4B7D-9647-BDF4258B048D}.Release|Any CPU.ActiveCfg = Release|Any CPU
		{41431C99-59DF-4B7D-9647-BDF4258B048D}.Release|Any CPU.Build.0 = Release|Any CPU
		{41431C99-59DF-4B7D-9647-BDF4258B048D}.Release|x64.ActiveCfg = Release|Any CPU
		{41431C99-59DF-4B7D-9647-BDF4258B048D}.Release|x64.Build.0 = Release|Any CPU
		{41431C99-59DF-4B7D-9647-BDF4258B048D}.Release|x86.ActiveCfg = Release|Any CPU
		{41431C99-59DF-4B7D-9647-BDF4258B048D}.Release|x86.Build.0 = Release|Any CPU
		{7555F581-C632-4490-A0E4-E4F1539E9209}.Debug|Any CPU.ActiveCfg = Debug|Any CPU
		{7555F581-C632-4490-A0E4-E4F1539E9209}.Debug|Any CPU.Build.0 = Debug|Any CPU
		{7555F581-C632-4490-A0E4-E4F1539E9209}.Debug|x64.ActiveCfg = Debug|Any CPU
		{7555F581-C632-4490-A0E4-E4F1539E9209}.Debug|x64.Build.0 = Debug|Any CPU
		{7555F581-C632-4490-A0E4-E4F1539E9209}.Debug|x86.ActiveCfg = Debug|Any CPU
		{7555F581-C632-4490-A0E4-E4F1539E9209}.Debug|x86.Build.0 = Debug|Any CPU
		{7555F581-C632-4490-A0E4-E4F1539E9209}.Release|Any CPU.ActiveCfg = Release|Any CPU
		{7555F581-C632-4490-A0E4-E4F1539E9209}.Release|Any CPU.Build.0 = Release|Any CPU
		{7555F581-C632-4490-A0E4-E4F1539E9209}.Release|x64.ActiveCfg = Release|Any CPU
		{7555F581-C632-4490-A0E4-E4F1539E9209}.Release|x64.Build.0 = Release|Any CPU
		{7555F581-C632-4490-A0E4-E4F1539E9209}.Release|x86.ActiveCfg = Release|Any CPU
		{7555F581-C632-4490-A0E4-E4F1539E9209}.Release|x86.Build.0 = Release|Any CPU
		{9308CF34-12C5-4D5B-A318-00AD7AC1907A}.Debug|Any CPU.ActiveCfg = Debug|Any CPU
		{9308CF34-12C5-4D5B-A318-00AD7AC1907A}.Debug|Any CPU.Build.0 = Debug|Any CPU
		{9308CF34-12C5-4D5B-A318-00AD7AC1907A}.Debug|x64.ActiveCfg = Debug|Any CPU
		{9308CF34-12C5-4D5B-A318-00AD7AC1907A}.Debug|x64.Build.0 = Debug|Any CPU
		{9308CF34-12C5-4D5B-A318-00AD7AC1907A}.Debug|x86.ActiveCfg = Debug|Any CPU
		{9308CF34-12C5-4D5B-A318-00AD7AC1907A}.Debug|x86.Build.0 = Debug|Any CPU
		{9308CF34-12C5-4D5B-A318-00AD7AC1907A}.Release|Any CPU.ActiveCfg = Release|Any CPU
		{9308CF34-12C5-4D5B-A318-00AD7AC1907A}.Release|Any CPU.Build.0 = Release|Any CPU
		{9308CF34-12C5-4D5B-A318-00AD7AC1907A}.Release|x64.ActiveCfg = Release|Any CPU
		{9308CF34-12C5-4D5B-A318-00AD7AC1907A}.Release|x64.Build.0 = Release|Any CPU
		{9308CF34-12C5-4D5B-A318-00AD7AC1907A}.Release|x86.ActiveCfg = Release|Any CPU
		{9308CF34-12C5-4D5B-A318-00AD7AC1907A}.Release|x86.Build.0 = Release|Any CPU
		{045EE2A3-F595-4D40-8E1A-734CA9CEB10C}.Debug|Any CPU.ActiveCfg = Debug|Any CPU
		{045EE2A3-F595-4D40-8E1A-734CA9CEB10C}.Debug|Any CPU.Build.0 = Debug|Any CPU
		{045EE2A3-F595-4D40-8E1A-734CA9CEB10C}.Debug|x64.ActiveCfg = Debug|Any CPU
		{045EE2A3-F595-4D40-8E1A-734CA9CEB10C}.Debug|x64.Build.0 = Debug|Any CPU
		{045EE2A3-F595-4D40-8E1A-734CA9CEB10C}.Debug|x86.ActiveCfg = Debug|Any CPU
		{045EE2A3-F595-4D40-8E1A-734CA9CEB10C}.Debug|x86.Build.0 = Debug|Any CPU
		{045EE2A3-F595-4D40-8E1A-734CA9CEB10C}.Release|Any CPU.ActiveCfg = Release|Any CPU
		{045EE2A3-F595-4D40-8E1A-734CA9CEB10C}.Release|Any CPU.Build.0 = Release|Any CPU
		{045EE2A3-F595-4D40-8E1A-734CA9CEB10C}.Release|x64.ActiveCfg = Release|Any CPU
		{045EE2A3-F595-4D40-8E1A-734CA9CEB10C}.Release|x64.Build.0 = Release|Any CPU
		{045EE2A3-F595-4D40-8E1A-734CA9CEB10C}.Release|x86.ActiveCfg = Release|Any CPU
		{045EE2A3-F595-4D40-8E1A-734CA9CEB10C}.Release|x86.Build.0 = Release|Any CPU
		{76D789CF-9499-4A12-9128-7378592B7BDC}.Debug|Any CPU.ActiveCfg = Debug|Any CPU
		{76D789CF-9499-4A12-9128-7378592B7BDC}.Debug|Any CPU.Build.0 = Debug|Any CPU
		{76D789CF-9499-4A12-9128-7378592B7BDC}.Debug|x64.ActiveCfg = Debug|Any CPU
		{76D789CF-9499-4A12-9128-7378592B7BDC}.Debug|x64.Build.0 = Debug|Any CPU
		{76D789CF-9499-4A12-9128-7378592B7BDC}.Debug|x86.ActiveCfg = Debug|Any CPU
		{76D789CF-9499-4A12-9128-7378592B7BDC}.Debug|x86.Build.0 = Debug|Any CPU
		{76D789CF-9499-4A12-9128-7378592B7BDC}.Release|Any CPU.ActiveCfg = Release|Any CPU
		{76D789CF-9499-4A12-9128-7378592B7BDC}.Release|Any CPU.Build.0 = Release|Any CPU
		{76D789CF-9499-4A12-9128-7378592B7BDC}.Release|x64.ActiveCfg = Release|Any CPU
		{76D789CF-9499-4A12-9128-7378592B7BDC}.Release|x64.Build.0 = Release|Any CPU
		{76D789CF-9499-4A12-9128-7378592B7BDC}.Release|x86.ActiveCfg = Release|Any CPU
		{76D789CF-9499-4A12-9128-7378592B7BDC}.Release|x86.Build.0 = Release|Any CPU
		{5FE6BDFF-AD0E-4E1C-A596-6D583D0777BC}.Debug|Any CPU.ActiveCfg = Debug|Any CPU
		{5FE6BDFF-AD0E-4E1C-A596-6D583D0777BC}.Debug|Any CPU.Build.0 = Debug|Any CPU
		{5FE6BDFF-AD0E-4E1C-A596-6D583D0777BC}.Debug|x64.ActiveCfg = Debug|Any CPU
		{5FE6BDFF-AD0E-4E1C-A596-6D583D0777BC}.Debug|x64.Build.0 = Debug|Any CPU
		{5FE6BDFF-AD0E-4E1C-A596-6D583D0777BC}.Debug|x86.ActiveCfg = Debug|Any CPU
		{5FE6BDFF-AD0E-4E1C-A596-6D583D0777BC}.Debug|x86.Build.0 = Debug|Any CPU
		{5FE6BDFF-AD0E-4E1C-A596-6D583D0777BC}.Release|Any CPU.ActiveCfg = Release|Any CPU
		{5FE6BDFF-AD0E-4E1C-A596-6D583D0777BC}.Release|Any CPU.Build.0 = Release|Any CPU
		{5FE6BDFF-AD0E-4E1C-A596-6D583D0777BC}.Release|x64.ActiveCfg = Release|Any CPU
		{5FE6BDFF-AD0E-4E1C-A596-6D583D0777BC}.Release|x64.Build.0 = Release|Any CPU
		{5FE6BDFF-AD0E-4E1C-A596-6D583D0777BC}.Release|x86.ActiveCfg = Release|Any CPU
		{5FE6BDFF-AD0E-4E1C-A596-6D583D0777BC}.Release|x86.Build.0 = Release|Any CPU
	EndGlobalSection
EndGlobal
