
Microsoft Visual Studio Solution File, Format Version 12.00
# Visual Studio 15
VisualStudioVersion = 15.0.26124.0
MinimumVisualStudioVersion = 15.0.26124.0
Project("{FAE04EC0-301F-11D3-BF4B-00C04F79EFBC}") = "NetcoreDbgTest", "NetcoreDbgTest\NetcoreDbgTest.csproj", "{D6915FE2-2E22-4924-8A98-AC7C7C697691}"
EndProject
Project("{FAE04EC0-301F-11D3-BF4B-00C04F79EFBC}") = "TestRunner", "TestRunner\TestRunner.csproj", "{851C3938-D4E2-46A3-B3F0-80F9E1A52B78}"
EndProject
Project("{FAE04EC0-301F-11D3-BF4B-00C04F79EFBC}") = "MIExampleTest", "MIExampleTest\MIExampleTest.csproj", "{F2A7FC35-7ACE-4C93-A191-4579E0E7B9D1}"
EndProject
Project("{FAE04EC0-301F-11D3-BF4B-00C04F79EFBC}") = "MITestEvaluate", "MITestEvaluate\MITestEvaluate.csproj", "{642748E3-092B-4851-92CD-C003BFCD38D0}"
EndProject
Project("{FAE04EC0-301F-11D3-BF4B-00C04F79EFBC}") = "MITestBreakpoint", "MITestBreakpoint\MITestBreakpoint.csproj", "{A4B20BF0-5498-4071-8D31-2E76D7289D96}"
EndProject
Project("{FAE04EC0-301F-11D3-BF4B-00C04F79EFBC}") = "MITestStepping", "MITestStepping\MITestStepping.csproj", "{6A13D015-7F91-4669-9136-B6FE0157188A}"
EndProject
Project("{FAE04EC0-301F-11D3-BF4B-00C04F79EFBC}") = "MITestExpression", "MITestExpression\MITestExpression.csproj", "{AAB544A5-6B14-4F24-937B-6A3AA57CD946}"
EndProject
Project("{FAE04EC0-301F-11D3-BF4B-00C04F79EFBC}") = "MITestVariables", "MITestVariables\MITestVariables.csproj", "{5A0E3736-322F-422C-A642-30098BF5E6AA}"
EndProject
Project("{FAE04EC0-301F-11D3-BF4B-00C04F79EFBC}") = "MITestException", "MITestException\MITestException.csproj", "{6B89916D-7B57-40FF-802F-90629B9F8F5D}"
EndProject
Project("{FAE04EC0-301F-11D3-BF4B-00C04F79EFBC}") = "MITestEnv", "MITestEnv\MITestEnv.csproj", "{9E500829-9B7C-4952-93C5-7FD065F50E38}"
EndProject
Project("{FAE04EC0-301F-11D3-BF4B-00C04F79EFBC}") = "MITestGDB", "MITestGDB\MITestGDB.csproj", "{11806AA7-EBA2-42AD-A559-A3C7FE0CF4C8}"
EndProject
Project("{FAE04EC0-301F-11D3-BF4B-00C04F79EFBC}") = "MITestExecAbort", "MITestExecAbort\MITestExecAbort.csproj", "{EEED734A-56CD-468D-B9ED-02D8CBEF5CC8}"
EndProject
Project("{FAE04EC0-301F-11D3-BF4B-00C04F79EFBC}") = "MITestExecInt", "MITestExecInt\MITestExecInt.csproj", "{57466C79-0F48-4E53-AE52-1A9F14311C5A}"
EndProject
Project("{FAE04EC0-301F-11D3-BF4B-00C04F79EFBC}") = "MITestHandshake", "MITestHandshake\MITestHandshake.csproj", "{0331ED33-EA01-4CC0-B073-B82B46EA17DD}"
EndProject
Project("{FAE04EC0-301F-11D3-BF4B-00C04F79EFBC}") = "MITestTarget", "MITestTarget\MITestTarget.csproj", "{87A3A138-C893-4B2A-8AD2-250E523A4868}"
EndProject
Project("{FAE04EC0-301F-11D3-BF4B-00C04F79EFBC}") = "VSCodeExampleTest", "VSCodeExampleTest\VSCodeExampleTest.csproj", "{337B41D3-6674-4628-B309-7723DAFE119D}"
EndProject
Project("{FAE04EC0-301F-11D3-BF4B-00C04F79EFBC}") = "VSCodeTestBreakpoint", "VSCodeTestBreakpoint\VSCodeTestBreakpoint.csproj", "{7845AEC2-149F-45F4-9302-D7A8C2D3708D}"
EndProject
Project("{FAE04EC0-301F-11D3-BF4B-00C04F79EFBC}") = "VSCodeTestFuncBreak", "VSCodeTestFuncBreak\VSCodeTestFuncBreak.csproj", "{D70C4DB1-4E7F-4443-A474-08FC8629E28B}"
EndProject
Project("{FAE04EC0-301F-11D3-BF4B-00C04F79EFBC}") = "VSCodeTestAttach", "VSCodeTestAttach\VSCodeTestAttach.csproj", "{5A8F6887-0189-49BE-AD8C-3E10DC0477E8}"
EndProject
Project("{FAE04EC0-301F-11D3-BF4B-00C04F79EFBC}") = "VSCodeTestPause", "VSCodeTestPause\VSCodeTestPause.csproj", "{A2EE5C23-7CB5-4A4A-86A9-E80F334E2F48}"
EndProject
Project("{FAE04EC0-301F-11D3-BF4B-00C04F79EFBC}") = "VSCodeTestDisconnect", "VSCodeTestDisconnect\VSCodeTestDisconnect.csproj", "{553302E8-6FDF-401C-BB3C-14D831E57385}"
EndProject
Project("{FAE04EC0-301F-11D3-BF4B-00C04F79EFBC}") = "VSCodeTestThreads", "VSCodeTestThreads\VSCodeTestThreads.csproj", "{35B8D350-4A1E-4A8B-9FED-307B334C12AE}"
EndProject
Project("{FAE04EC0-301F-11D3-BF4B-00C04F79EFBC}") = "VSCodeTestVariables", "VSCodeTestVariables\VSCodeTestVariables.csproj", "{E4F998BC-401A-4268-A101-F7CF8D7E9637}"
EndProject
Project("{FAE04EC0-301F-11D3-BF4B-00C04F79EFBC}") = "VSCodeTestEvaluate", "VSCodeTestEvaluate\VSCodeTestEvaluate.csproj", "{AE07D7A6-B1AA-4014-9676-4F2E0FDB817B}"
EndProject
Project("{FAE04EC0-301F-11D3-BF4B-00C04F79EFBC}") = "VSCodeTestStepping", "VSCodeTestStepping\VSCodeTestStepping.csproj", "{2D3C0476-5F92-4956-B3C9-00D06544B1EF}"
EndProject
Project("{FAE04EC0-301F-11D3-BF4B-00C04F79EFBC}") = "MITestExceptionBreakpoint", "MITestExceptionBreakpoint\MITestExceptionBreakpoint.csproj", "{41431C99-59DF-4B7D-9647-BDF4258B048D}"
EndProject
Project("{FAE04EC0-301F-11D3-BF4B-00C04F79EFBC}") = "VSCodeTestEnv", "VSCodeTestEnv\VSCodeTestEnv.csproj", "{7555F581-C632-4490-A0E4-E4F1539E9209}"
EndProject
Project("{FAE04EC0-301F-11D3-BF4B-00C04F79EFBC}") = "MITestExitCode", "MITestExitCode\MITestExitCode.csproj", "{9308CF34-12C5-4D5B-A318-00AD7AC1907A}"
EndProject
Project("{FAE04EC0-301F-11D3-BF4B-00C04F79EFBC}") = "VSCodeTestExitCode", "VSCodeTestExitCode\VSCodeTestExitCode.csproj", "{045EE2A3-F595-4D40-8E1A-734CA9CEB10C}"
EndProject
Project("{FAE04EC0-301F-11D3-BF4B-00C04F79EFBC}") = "MITestEvalNotEnglish", "MITestEvalNotEnglish\MITestEvalNotEnglish.csproj", "{76D789CF-9499-4A12-9128-7378592B7BDC}"
EndProject
Project("{FAE04EC0-301F-11D3-BF4B-00C04F79EFBC}") = "VSCodeTestEvalNotEnglish", "VSCodeTestEvalNotEnglish\VSCodeTestEvalNotEnglish.csproj", "{5FE6BDFF-AD0E-4E1C-A596-6D583D0777BC}"
EndProject
Project("{FAE04EC0-301F-11D3-BF4B-00C04F79EFBC}") = "MITest中文目录", "MITest中文目录\MITest中文目录.csproj", "{6B76C4A1-D871-4A78-B284-FE8E2FCBA10D}"
EndProject
Project("{FAE04EC0-301F-11D3-BF4B-00C04F79EFBC}") = "VSCodeTest中文目录", "VSCodeTest中文目录\VSCodeTest中文目录.csproj", "{56BFF745-3A77-44BF-B068-3E13901295A1}"
EndProject
Project("{FAE04EC0-301F-11D3-BF4B-00C04F79EFBC}") = "MITestSrcBreakpointResolve", "MITestSrcBreakpointResolve\MITestSrcBreakpointResolve.csproj", "{81372498-2551-49D6-8A36-4F57C4985E5E}"
EndProject
Project("{FAE04EC0-301F-11D3-BF4B-00C04F79EFBC}") = "VSCodeTestSrcBreakpointResolve", "VSCodeTestSrcBreakpointResolve\VSCodeTestSrcBreakpointResolve.csproj", "{C4B66CFD-47AA-4B41-BE26-B6FE2282FF09}"
EndProject
Project("{FAE04EC0-301F-11D3-BF4B-00C04F79EFBC}") = "VSCodeTest297killNCD", "VSCodeTest297killNCD\VSCodeTest297killNCD.csproj", "{EE566D3A-1859-451F-AFCA-CFDC624B9E66}"
EndProject
Project("{FAE04EC0-301F-11D3-BF4B-00C04F79EFBC}") = "MITestEnum", "MITestEnum\MITestEnum.csproj", "{D52DD1E9-42C9-4378-B505-C94C6B282C49}"
EndProject
Project("{FAE04EC0-301F-11D3-BF4B-00C04F79EFBC}") = "VSCodeTestEnum", "VSCodeTestEnum\VSCodeTestEnum.csproj", "{751C9FDC-5992-4734-ABD0-126148F3818D}"
EndProject
Project("{FAE04EC0-301F-11D3-BF4B-00C04F79EFBC}") = "MITestAsyncStepping", "MITestAsyncStepping\MITestAsyncStepping.csproj", "{C1400CFC-3087-42E1-B580-DE8A00C3686B}"
EndProject
Project("{FAE04EC0-301F-11D3-BF4B-00C04F79EFBC}") = "VSCodeTestAsyncStepping", "VSCodeTestAsyncStepping\VSCodeTestAsyncStepping.csproj", "{CDC2D04E-9433-4D2F-9A77-1839982F6834}"
EndProject
Project("{FAE04EC0-301F-11D3-BF4B-00C04F79EFBC}") = "VSCodeTestBreak", "VSCodeTestBreak\VSCodeTestBreak.csproj", "{0EB5EE41-E73C-4946-8561-4C2BB0EB26BC}"
EndProject
Project("{FAE04EC0-301F-11D3-BF4B-00C04F79EFBC}") = "MITestBreak", "MITestBreak\MITestBreak.csproj", "{954D72F6-BD7C-40EF-A3CA-DD76D26BC2FD}"
EndProject
Project("{FAE04EC0-301F-11D3-BF4B-00C04F79EFBC}") = "MITestBreakpointToModule", "MITestBreakpointToModule\MITestBreakpointToModule.csproj", "{8BE60F5D-86AF-43B2-9750-1F44C9EAB236}"
EndProject
Project("{FAE04EC0-301F-11D3-BF4B-00C04F79EFBC}") = "MITestNoJMCNoFilterStepping", "MITestNoJMCNoFilterStepping\MITestNoJMCNoFilterStepping.csproj", "{6B639FA9-E4D3-46EF-AA06-C64D44574E20}"
EndProject
Project("{FAE04EC0-301F-11D3-BF4B-00C04F79EFBC}") = "VSCodeTestNoJMCNoFilterStepping", "VSCodeTestNoJMCNoFilterStepping\VSCodeTestNoJMCNoFilterStepping.csproj", "{82B53A4A-E44A-4779-BBDA-1DF7240B173A}"
EndProject
Project("{FAE04EC0-301F-11D3-BF4B-00C04F79EFBC}") = "MITestNoJMCBreakpoint", "MITestNoJMCBreakpoint\MITestNoJMCBreakpoint.csproj", "{1F96F9F1-9002-4544-8EF0-64DB3AD646EC}"
EndProject
Project("{FAE04EC0-301F-11D3-BF4B-00C04F79EFBC}") = "VSCodeTestNoJMCBreakpoint", "VSCodeTestNoJMCBreakpoint\VSCodeTestNoJMCBreakpoint.csproj", "{40E81BE3-966F-478D-AB66-33BFFECFE2C7}"
EndProject
Project("{FAE04EC0-301F-11D3-BF4B-00C04F79EFBC}") = "MITestNoJMCAsyncStepping", "MITestNoJMCAsyncStepping\MITestNoJMCAsyncStepping.csproj", "{2D01F8D7-9758-431C-AA10-053D2575F88B}"
EndProject
Project("{FAE04EC0-301F-11D3-BF4B-00C04F79EFBC}") = "VSCodeTestNoJMCAsyncStepping", "VSCodeTestNoJMCAsyncStepping\VSCodeTestNoJMCAsyncStepping.csproj", "{7A7FC0FE-8756-49BE-8FCB-143FAA1A08D7}"
EndProject
Project("{FAE04EC0-301F-11D3-BF4B-00C04F79EFBC}") = "MITestNoJMCExceptionBreakpoint", "MITestNoJMCExceptionBreakpoint\MITestNoJMCExceptionBreakpoint.csproj", "{29C8C652-4010-463A-BEF5-635A9D7035A3}"
EndProject
Project("{FAE04EC0-301F-11D3-BF4B-00C04F79EFBC}") = "VSCodeTestNoJMCExceptionBreakpoint", "VSCodeTestNoJMCExceptionBreakpoint\VSCodeTestNoJMCExceptionBreakpoint.csproj", "{445B1655-BC1E-491A-A706-D2280FDC3BDD}"
EndProject
Project("{FAE04EC0-301F-11D3-BF4B-00C04F79EFBC}") = "VSCodeTestExceptionBreakpoint", "VSCodeTestExceptionBreakpoint\VSCodeTestExceptionBreakpoint.csproj", "{1770637A-2007-4E96-A8E5-A32772831AD3}"
EndProject
Project("{FAE04EC0-301F-11D3-BF4B-00C04F79EFBC}") = "MITestSizeof", "MITestSizeof\MITestSizeof.csproj", "{8FD648F2-8F88-4030-A622-823BFA1A3E1C}"
EndProject
Project("{FAE04EC0-301F-11D3-BF4B-00C04F79EFBC}") = "VSCodeTestSizeof", "VSCodeTestSizeof\VSCodeTestSizeof.csproj", "{C8053627-4094-4913-8E9D-74AD38DCC39F}"
EndProject
Project("{FAE04EC0-301F-11D3-BF4B-00C04F79EFBC}") = "MITestAsyncLambdaEvaluate", "MITestAsyncLambdaEvaluate\MITestAsyncLambdaEvaluate.csproj", "{49C2D265-544B-48C5-8BCF-F398CB68A732}"
EndProject
Project("{FAE04EC0-301F-11D3-BF4B-00C04F79EFBC}") = "VSCodeTestAsyncLambdaEvaluate", "VSCodeTestAsyncLambdaEvaluate\VSCodeTestAsyncLambdaEvaluate.csproj", "{1C6C593A-316E-4607-9374-BAA887FC98E4}"
EndProject
Project("{FAE04EC0-301F-11D3-BF4B-00C04F79EFBC}") = "MITestGeneric", "MITestGeneric\MITestGeneric.csproj", "{E87EB94D-BB5B-41AB-95C2-0A2DBD9B10D0}"
EndProject
Project("{FAE04EC0-301F-11D3-BF4B-00C04F79EFBC}") = "VSCodeTestGeneric", "VSCodeTestGeneric\VSCodeTestGeneric.csproj", "{9CB5834C-7C6F-4508-BECB-BA68C916F9B9}"
EndProject
Global
	GlobalSection(SolutionConfigurationPlatforms) = preSolution
		Debug|Any CPU = Debug|Any CPU
		Debug|x64 = Debug|x64
		Debug|x86 = Debug|x86
		Release|Any CPU = Release|Any CPU
		Release|x64 = Release|x64
		Release|x86 = Release|x86
	EndGlobalSection
	GlobalSection(SolutionProperties) = preSolution
		HideSolutionNode = FALSE
	EndGlobalSection
	GlobalSection(ProjectConfigurationPlatforms) = postSolution
		{D6915FE2-2E22-4924-8A98-AC7C7C697691}.Debug|Any CPU.ActiveCfg = Debug|Any CPU
		{D6915FE2-2E22-4924-8A98-AC7C7C697691}.Debug|Any CPU.Build.0 = Debug|Any CPU
		{D6915FE2-2E22-4924-8A98-AC7C7C697691}.Debug|x64.ActiveCfg = Debug|Any CPU
		{D6915FE2-2E22-4924-8A98-AC7C7C697691}.Debug|x64.Build.0 = Debug|Any CPU
		{D6915FE2-2E22-4924-8A98-AC7C7C697691}.Debug|x86.ActiveCfg = Debug|Any CPU
		{D6915FE2-2E22-4924-8A98-AC7C7C697691}.Debug|x86.Build.0 = Debug|Any CPU
		{D6915FE2-2E22-4924-8A98-AC7C7C697691}.Release|Any CPU.ActiveCfg = Release|Any CPU
		{D6915FE2-2E22-4924-8A98-AC7C7C697691}.Release|Any CPU.Build.0 = Release|Any CPU
		{D6915FE2-2E22-4924-8A98-AC7C7C697691}.Release|x64.ActiveCfg = Release|Any CPU
		{D6915FE2-2E22-4924-8A98-AC7C7C697691}.Release|x64.Build.0 = Release|Any CPU
		{D6915FE2-2E22-4924-8A98-AC7C7C697691}.Release|x86.ActiveCfg = Release|Any CPU
		{D6915FE2-2E22-4924-8A98-AC7C7C697691}.Release|x86.Build.0 = Release|Any CPU
		{851C3938-D4E2-46A3-B3F0-80F9E1A52B78}.Debug|Any CPU.ActiveCfg = Debug|Any CPU
		{851C3938-D4E2-46A3-B3F0-80F9E1A52B78}.Debug|Any CPU.Build.0 = Debug|Any CPU
		{851C3938-D4E2-46A3-B3F0-80F9E1A52B78}.Debug|x64.ActiveCfg = Debug|Any CPU
		{851C3938-D4E2-46A3-B3F0-80F9E1A52B78}.Debug|x64.Build.0 = Debug|Any CPU
		{851C3938-D4E2-46A3-B3F0-80F9E1A52B78}.Debug|x86.ActiveCfg = Debug|Any CPU
		{851C3938-D4E2-46A3-B3F0-80F9E1A52B78}.Debug|x86.Build.0 = Debug|Any CPU
		{851C3938-D4E2-46A3-B3F0-80F9E1A52B78}.Release|Any CPU.ActiveCfg = Release|Any CPU
		{851C3938-D4E2-46A3-B3F0-80F9E1A52B78}.Release|Any CPU.Build.0 = Release|Any CPU
		{851C3938-D4E2-46A3-B3F0-80F9E1A52B78}.Release|x64.ActiveCfg = Release|Any CPU
		{851C3938-D4E2-46A3-B3F0-80F9E1A52B78}.Release|x64.Build.0 = Release|Any CPU
		{851C3938-D4E2-46A3-B3F0-80F9E1A52B78}.Release|x86.ActiveCfg = Release|Any CPU
		{851C3938-D4E2-46A3-B3F0-80F9E1A52B78}.Release|x86.Build.0 = Release|Any CPU
		{F2A7FC35-7ACE-4C93-A191-4579E0E7B9D1}.Debug|Any CPU.ActiveCfg = Debug|Any CPU
		{F2A7FC35-7ACE-4C93-A191-4579E0E7B9D1}.Debug|Any CPU.Build.0 = Debug|Any CPU
		{F2A7FC35-7ACE-4C93-A191-4579E0E7B9D1}.Debug|x64.ActiveCfg = Debug|Any CPU
		{F2A7FC35-7ACE-4C93-A191-4579E0E7B9D1}.Debug|x64.Build.0 = Debug|Any CPU
		{F2A7FC35-7ACE-4C93-A191-4579E0E7B9D1}.Debug|x86.ActiveCfg = Debug|Any CPU
		{F2A7FC35-7ACE-4C93-A191-4579E0E7B9D1}.Debug|x86.Build.0 = Debug|Any CPU
		{F2A7FC35-7ACE-4C93-A191-4579E0E7B9D1}.Release|Any CPU.ActiveCfg = Release|Any CPU
		{F2A7FC35-7ACE-4C93-A191-4579E0E7B9D1}.Release|Any CPU.Build.0 = Release|Any CPU
		{F2A7FC35-7ACE-4C93-A191-4579E0E7B9D1}.Release|x64.ActiveCfg = Release|Any CPU
		{F2A7FC35-7ACE-4C93-A191-4579E0E7B9D1}.Release|x64.Build.0 = Release|Any CPU
		{F2A7FC35-7ACE-4C93-A191-4579E0E7B9D1}.Release|x86.ActiveCfg = Release|Any CPU
		{F2A7FC35-7ACE-4C93-A191-4579E0E7B9D1}.Release|x86.Build.0 = Release|Any CPU
		{642748E3-092B-4851-92CD-C003BFCD38D0}.Debug|Any CPU.ActiveCfg = Debug|Any CPU
		{642748E3-092B-4851-92CD-C003BFCD38D0}.Debug|Any CPU.Build.0 = Debug|Any CPU
		{642748E3-092B-4851-92CD-C003BFCD38D0}.Debug|x64.ActiveCfg = Debug|Any CPU
		{642748E3-092B-4851-92CD-C003BFCD38D0}.Debug|x64.Build.0 = Debug|Any CPU
		{642748E3-092B-4851-92CD-C003BFCD38D0}.Debug|x86.ActiveCfg = Debug|Any CPU
		{642748E3-092B-4851-92CD-C003BFCD38D0}.Debug|x86.Build.0 = Debug|Any CPU
		{642748E3-092B-4851-92CD-C003BFCD38D0}.Release|Any CPU.ActiveCfg = Release|Any CPU
		{642748E3-092B-4851-92CD-C003BFCD38D0}.Release|Any CPU.Build.0 = Release|Any CPU
		{642748E3-092B-4851-92CD-C003BFCD38D0}.Release|x64.ActiveCfg = Release|Any CPU
		{642748E3-092B-4851-92CD-C003BFCD38D0}.Release|x64.Build.0 = Release|Any CPU
		{642748E3-092B-4851-92CD-C003BFCD38D0}.Release|x86.ActiveCfg = Release|Any CPU
		{642748E3-092B-4851-92CD-C003BFCD38D0}.Release|x86.Build.0 = Release|Any CPU
		{A4B20BF0-5498-4071-8D31-2E76D7289D96}.Debug|Any CPU.ActiveCfg = Debug|Any CPU
		{A4B20BF0-5498-4071-8D31-2E76D7289D96}.Debug|Any CPU.Build.0 = Debug|Any CPU
		{A4B20BF0-5498-4071-8D31-2E76D7289D96}.Debug|x64.ActiveCfg = Debug|Any CPU
		{A4B20BF0-5498-4071-8D31-2E76D7289D96}.Debug|x64.Build.0 = Debug|Any CPU
		{A4B20BF0-5498-4071-8D31-2E76D7289D96}.Debug|x86.ActiveCfg = Debug|Any CPU
		{A4B20BF0-5498-4071-8D31-2E76D7289D96}.Debug|x86.Build.0 = Debug|Any CPU
		{A4B20BF0-5498-4071-8D31-2E76D7289D96}.Release|Any CPU.ActiveCfg = Release|Any CPU
		{A4B20BF0-5498-4071-8D31-2E76D7289D96}.Release|Any CPU.Build.0 = Release|Any CPU
		{A4B20BF0-5498-4071-8D31-2E76D7289D96}.Release|x64.ActiveCfg = Release|Any CPU
		{A4B20BF0-5498-4071-8D31-2E76D7289D96}.Release|x64.Build.0 = Release|Any CPU
		{A4B20BF0-5498-4071-8D31-2E76D7289D96}.Release|x86.ActiveCfg = Release|Any CPU
		{A4B20BF0-5498-4071-8D31-2E76D7289D96}.Release|x86.Build.0 = Release|Any CPU
		{6A13D015-7F91-4669-9136-B6FE0157188A}.Debug|Any CPU.ActiveCfg = Debug|Any CPU
		{6A13D015-7F91-4669-9136-B6FE0157188A}.Debug|Any CPU.Build.0 = Debug|Any CPU
		{6A13D015-7F91-4669-9136-B6FE0157188A}.Debug|x64.ActiveCfg = Debug|Any CPU
		{6A13D015-7F91-4669-9136-B6FE0157188A}.Debug|x64.Build.0 = Debug|Any CPU
		{6A13D015-7F91-4669-9136-B6FE0157188A}.Debug|x86.ActiveCfg = Debug|Any CPU
		{6A13D015-7F91-4669-9136-B6FE0157188A}.Debug|x86.Build.0 = Debug|Any CPU
		{6A13D015-7F91-4669-9136-B6FE0157188A}.Release|Any CPU.ActiveCfg = Release|Any CPU
		{6A13D015-7F91-4669-9136-B6FE0157188A}.Release|Any CPU.Build.0 = Release|Any CPU
		{6A13D015-7F91-4669-9136-B6FE0157188A}.Release|x64.ActiveCfg = Release|Any CPU
		{6A13D015-7F91-4669-9136-B6FE0157188A}.Release|x64.Build.0 = Release|Any CPU
		{6A13D015-7F91-4669-9136-B6FE0157188A}.Release|x86.ActiveCfg = Release|Any CPU
		{6A13D015-7F91-4669-9136-B6FE0157188A}.Release|x86.Build.0 = Release|Any CPU
		{AAB544A5-6B14-4F24-937B-6A3AA57CD946}.Debug|Any CPU.ActiveCfg = Debug|Any CPU
		{AAB544A5-6B14-4F24-937B-6A3AA57CD946}.Debug|Any CPU.Build.0 = Debug|Any CPU
		{AAB544A5-6B14-4F24-937B-6A3AA57CD946}.Debug|x64.ActiveCfg = Debug|Any CPU
		{AAB544A5-6B14-4F24-937B-6A3AA57CD946}.Debug|x64.Build.0 = Debug|Any CPU
		{AAB544A5-6B14-4F24-937B-6A3AA57CD946}.Debug|x86.ActiveCfg = Debug|Any CPU
		{AAB544A5-6B14-4F24-937B-6A3AA57CD946}.Debug|x86.Build.0 = Debug|Any CPU
		{AAB544A5-6B14-4F24-937B-6A3AA57CD946}.Release|Any CPU.ActiveCfg = Release|Any CPU
		{AAB544A5-6B14-4F24-937B-6A3AA57CD946}.Release|Any CPU.Build.0 = Release|Any CPU
		{AAB544A5-6B14-4F24-937B-6A3AA57CD946}.Release|x64.ActiveCfg = Release|Any CPU
		{AAB544A5-6B14-4F24-937B-6A3AA57CD946}.Release|x64.Build.0 = Release|Any CPU
		{AAB544A5-6B14-4F24-937B-6A3AA57CD946}.Release|x86.ActiveCfg = Release|Any CPU
		{AAB544A5-6B14-4F24-937B-6A3AA57CD946}.Release|x86.Build.0 = Release|Any CPU
		{5A0E3736-322F-422C-A642-30098BF5E6AA}.Debug|Any CPU.ActiveCfg = Debug|Any CPU
		{5A0E3736-322F-422C-A642-30098BF5E6AA}.Debug|Any CPU.Build.0 = Debug|Any CPU
		{5A0E3736-322F-422C-A642-30098BF5E6AA}.Debug|x64.ActiveCfg = Debug|Any CPU
		{5A0E3736-322F-422C-A642-30098BF5E6AA}.Debug|x64.Build.0 = Debug|Any CPU
		{5A0E3736-322F-422C-A642-30098BF5E6AA}.Debug|x86.ActiveCfg = Debug|Any CPU
		{5A0E3736-322F-422C-A642-30098BF5E6AA}.Debug|x86.Build.0 = Debug|Any CPU
		{5A0E3736-322F-422C-A642-30098BF5E6AA}.Release|Any CPU.ActiveCfg = Release|Any CPU
		{5A0E3736-322F-422C-A642-30098BF5E6AA}.Release|Any CPU.Build.0 = Release|Any CPU
		{5A0E3736-322F-422C-A642-30098BF5E6AA}.Release|x64.ActiveCfg = Release|Any CPU
		{5A0E3736-322F-422C-A642-30098BF5E6AA}.Release|x64.Build.0 = Release|Any CPU
		{5A0E3736-322F-422C-A642-30098BF5E6AA}.Release|x86.ActiveCfg = Release|Any CPU
		{5A0E3736-322F-422C-A642-30098BF5E6AA}.Release|x86.Build.0 = Release|Any CPU
		{6B89916D-7B57-40FF-802F-90629B9F8F5D}.Debug|Any CPU.ActiveCfg = Debug|Any CPU
		{6B89916D-7B57-40FF-802F-90629B9F8F5D}.Debug|Any CPU.Build.0 = Debug|Any CPU
		{6B89916D-7B57-40FF-802F-90629B9F8F5D}.Debug|x64.ActiveCfg = Debug|Any CPU
		{6B89916D-7B57-40FF-802F-90629B9F8F5D}.Debug|x64.Build.0 = Debug|Any CPU
		{6B89916D-7B57-40FF-802F-90629B9F8F5D}.Debug|x86.ActiveCfg = Debug|Any CPU
		{6B89916D-7B57-40FF-802F-90629B9F8F5D}.Debug|x86.Build.0 = Debug|Any CPU
		{6B89916D-7B57-40FF-802F-90629B9F8F5D}.Release|Any CPU.ActiveCfg = Release|Any CPU
		{6B89916D-7B57-40FF-802F-90629B9F8F5D}.Release|Any CPU.Build.0 = Release|Any CPU
		{6B89916D-7B57-40FF-802F-90629B9F8F5D}.Release|x64.ActiveCfg = Release|Any CPU
		{6B89916D-7B57-40FF-802F-90629B9F8F5D}.Release|x64.Build.0 = Release|Any CPU
		{6B89916D-7B57-40FF-802F-90629B9F8F5D}.Release|x86.ActiveCfg = Release|Any CPU
		{6B89916D-7B57-40FF-802F-90629B9F8F5D}.Release|x86.Build.0 = Release|Any CPU
		{9E500829-9B7C-4952-93C5-7FD065F50E38}.Debug|Any CPU.ActiveCfg = Debug|Any CPU
		{9E500829-9B7C-4952-93C5-7FD065F50E38}.Debug|Any CPU.Build.0 = Debug|Any CPU
		{9E500829-9B7C-4952-93C5-7FD065F50E38}.Debug|x64.ActiveCfg = Debug|Any CPU
		{9E500829-9B7C-4952-93C5-7FD065F50E38}.Debug|x64.Build.0 = Debug|Any CPU
		{9E500829-9B7C-4952-93C5-7FD065F50E38}.Debug|x86.ActiveCfg = Debug|Any CPU
		{9E500829-9B7C-4952-93C5-7FD065F50E38}.Debug|x86.Build.0 = Debug|Any CPU
		{9E500829-9B7C-4952-93C5-7FD065F50E38}.Release|Any CPU.ActiveCfg = Release|Any CPU
		{9E500829-9B7C-4952-93C5-7FD065F50E38}.Release|Any CPU.Build.0 = Release|Any CPU
		{9E500829-9B7C-4952-93C5-7FD065F50E38}.Release|x64.ActiveCfg = Release|Any CPU
		{9E500829-9B7C-4952-93C5-7FD065F50E38}.Release|x64.Build.0 = Release|Any CPU
		{9E500829-9B7C-4952-93C5-7FD065F50E38}.Release|x86.ActiveCfg = Release|Any CPU
		{9E500829-9B7C-4952-93C5-7FD065F50E38}.Release|x86.Build.0 = Release|Any CPU
		{11806AA7-EBA2-42AD-A559-A3C7FE0CF4C8}.Debug|Any CPU.ActiveCfg = Debug|Any CPU
		{11806AA7-EBA2-42AD-A559-A3C7FE0CF4C8}.Debug|Any CPU.Build.0 = Debug|Any CPU
		{11806AA7-EBA2-42AD-A559-A3C7FE0CF4C8}.Debug|x64.ActiveCfg = Debug|Any CPU
		{11806AA7-EBA2-42AD-A559-A3C7FE0CF4C8}.Debug|x64.Build.0 = Debug|Any CPU
		{11806AA7-EBA2-42AD-A559-A3C7FE0CF4C8}.Debug|x86.ActiveCfg = Debug|Any CPU
		{11806AA7-EBA2-42AD-A559-A3C7FE0CF4C8}.Debug|x86.Build.0 = Debug|Any CPU
		{11806AA7-EBA2-42AD-A559-A3C7FE0CF4C8}.Release|Any CPU.ActiveCfg = Release|Any CPU
		{11806AA7-EBA2-42AD-A559-A3C7FE0CF4C8}.Release|Any CPU.Build.0 = Release|Any CPU
		{11806AA7-EBA2-42AD-A559-A3C7FE0CF4C8}.Release|x64.ActiveCfg = Release|Any CPU
		{11806AA7-EBA2-42AD-A559-A3C7FE0CF4C8}.Release|x64.Build.0 = Release|Any CPU
		{11806AA7-EBA2-42AD-A559-A3C7FE0CF4C8}.Release|x86.ActiveCfg = Release|Any CPU
		{11806AA7-EBA2-42AD-A559-A3C7FE0CF4C8}.Release|x86.Build.0 = Release|Any CPU
		{EEED734A-56CD-468D-B9ED-02D8CBEF5CC8}.Debug|Any CPU.ActiveCfg = Debug|Any CPU
		{EEED734A-56CD-468D-B9ED-02D8CBEF5CC8}.Debug|Any CPU.Build.0 = Debug|Any CPU
		{EEED734A-56CD-468D-B9ED-02D8CBEF5CC8}.Debug|x64.ActiveCfg = Debug|Any CPU
		{EEED734A-56CD-468D-B9ED-02D8CBEF5CC8}.Debug|x64.Build.0 = Debug|Any CPU
		{EEED734A-56CD-468D-B9ED-02D8CBEF5CC8}.Debug|x86.ActiveCfg = Debug|Any CPU
		{EEED734A-56CD-468D-B9ED-02D8CBEF5CC8}.Debug|x86.Build.0 = Debug|Any CPU
		{EEED734A-56CD-468D-B9ED-02D8CBEF5CC8}.Release|Any CPU.ActiveCfg = Release|Any CPU
		{EEED734A-56CD-468D-B9ED-02D8CBEF5CC8}.Release|Any CPU.Build.0 = Release|Any CPU
		{EEED734A-56CD-468D-B9ED-02D8CBEF5CC8}.Release|x64.ActiveCfg = Release|Any CPU
		{EEED734A-56CD-468D-B9ED-02D8CBEF5CC8}.Release|x64.Build.0 = Release|Any CPU
		{EEED734A-56CD-468D-B9ED-02D8CBEF5CC8}.Release|x86.ActiveCfg = Release|Any CPU
		{EEED734A-56CD-468D-B9ED-02D8CBEF5CC8}.Release|x86.Build.0 = Release|Any CPU
		{57466C79-0F48-4E53-AE52-1A9F14311C5A}.Debug|Any CPU.ActiveCfg = Debug|Any CPU
		{57466C79-0F48-4E53-AE52-1A9F14311C5A}.Debug|Any CPU.Build.0 = Debug|Any CPU
		{57466C79-0F48-4E53-AE52-1A9F14311C5A}.Debug|x64.ActiveCfg = Debug|Any CPU
		{57466C79-0F48-4E53-AE52-1A9F14311C5A}.Debug|x64.Build.0 = Debug|Any CPU
		{57466C79-0F48-4E53-AE52-1A9F14311C5A}.Debug|x86.ActiveCfg = Debug|Any CPU
		{57466C79-0F48-4E53-AE52-1A9F14311C5A}.Debug|x86.Build.0 = Debug|Any CPU
		{57466C79-0F48-4E53-AE52-1A9F14311C5A}.Release|Any CPU.ActiveCfg = Release|Any CPU
		{57466C79-0F48-4E53-AE52-1A9F14311C5A}.Release|Any CPU.Build.0 = Release|Any CPU
		{57466C79-0F48-4E53-AE52-1A9F14311C5A}.Release|x64.ActiveCfg = Release|Any CPU
		{57466C79-0F48-4E53-AE52-1A9F14311C5A}.Release|x64.Build.0 = Release|Any CPU
		{57466C79-0F48-4E53-AE52-1A9F14311C5A}.Release|x86.ActiveCfg = Release|Any CPU
		{57466C79-0F48-4E53-AE52-1A9F14311C5A}.Release|x86.Build.0 = Release|Any CPU
		{0331ED33-EA01-4CC0-B073-B82B46EA17DD}.Debug|Any CPU.ActiveCfg = Debug|Any CPU
		{0331ED33-EA01-4CC0-B073-B82B46EA17DD}.Debug|Any CPU.Build.0 = Debug|Any CPU
		{0331ED33-EA01-4CC0-B073-B82B46EA17DD}.Debug|x64.ActiveCfg = Debug|Any CPU
		{0331ED33-EA01-4CC0-B073-B82B46EA17DD}.Debug|x64.Build.0 = Debug|Any CPU
		{0331ED33-EA01-4CC0-B073-B82B46EA17DD}.Debug|x86.ActiveCfg = Debug|Any CPU
		{0331ED33-EA01-4CC0-B073-B82B46EA17DD}.Debug|x86.Build.0 = Debug|Any CPU
		{0331ED33-EA01-4CC0-B073-B82B46EA17DD}.Release|Any CPU.ActiveCfg = Release|Any CPU
		{0331ED33-EA01-4CC0-B073-B82B46EA17DD}.Release|Any CPU.Build.0 = Release|Any CPU
		{0331ED33-EA01-4CC0-B073-B82B46EA17DD}.Release|x64.ActiveCfg = Release|Any CPU
		{0331ED33-EA01-4CC0-B073-B82B46EA17DD}.Release|x64.Build.0 = Release|Any CPU
		{0331ED33-EA01-4CC0-B073-B82B46EA17DD}.Release|x86.ActiveCfg = Release|Any CPU
		{0331ED33-EA01-4CC0-B073-B82B46EA17DD}.Release|x86.Build.0 = Release|Any CPU
		{87A3A138-C893-4B2A-8AD2-250E523A4868}.Debug|Any CPU.ActiveCfg = Debug|Any CPU
		{87A3A138-C893-4B2A-8AD2-250E523A4868}.Debug|Any CPU.Build.0 = Debug|Any CPU
		{87A3A138-C893-4B2A-8AD2-250E523A4868}.Debug|x64.ActiveCfg = Debug|Any CPU
		{87A3A138-C893-4B2A-8AD2-250E523A4868}.Debug|x64.Build.0 = Debug|Any CPU
		{87A3A138-C893-4B2A-8AD2-250E523A4868}.Debug|x86.ActiveCfg = Debug|Any CPU
		{87A3A138-C893-4B2A-8AD2-250E523A4868}.Debug|x86.Build.0 = Debug|Any CPU
		{87A3A138-C893-4B2A-8AD2-250E523A4868}.Release|Any CPU.ActiveCfg = Release|Any CPU
		{87A3A138-C893-4B2A-8AD2-250E523A4868}.Release|Any CPU.Build.0 = Release|Any CPU
		{87A3A138-C893-4B2A-8AD2-250E523A4868}.Release|x64.ActiveCfg = Release|Any CPU
		{87A3A138-C893-4B2A-8AD2-250E523A4868}.Release|x64.Build.0 = Release|Any CPU
		{87A3A138-C893-4B2A-8AD2-250E523A4868}.Release|x86.ActiveCfg = Release|Any CPU
		{87A3A138-C893-4B2A-8AD2-250E523A4868}.Release|x86.Build.0 = Release|Any CPU
		{337B41D3-6674-4628-B309-7723DAFE119D}.Debug|Any CPU.ActiveCfg = Debug|Any CPU
		{337B41D3-6674-4628-B309-7723DAFE119D}.Debug|Any CPU.Build.0 = Debug|Any CPU
		{337B41D3-6674-4628-B309-7723DAFE119D}.Debug|x64.ActiveCfg = Debug|Any CPU
		{337B41D3-6674-4628-B309-7723DAFE119D}.Debug|x64.Build.0 = Debug|Any CPU
		{337B41D3-6674-4628-B309-7723DAFE119D}.Debug|x86.ActiveCfg = Debug|Any CPU
		{337B41D3-6674-4628-B309-7723DAFE119D}.Debug|x86.Build.0 = Debug|Any CPU
		{337B41D3-6674-4628-B309-7723DAFE119D}.Release|Any CPU.ActiveCfg = Release|Any CPU
		{337B41D3-6674-4628-B309-7723DAFE119D}.Release|Any CPU.Build.0 = Release|Any CPU
		{337B41D3-6674-4628-B309-7723DAFE119D}.Release|x64.ActiveCfg = Release|Any CPU
		{337B41D3-6674-4628-B309-7723DAFE119D}.Release|x64.Build.0 = Release|Any CPU
		{337B41D3-6674-4628-B309-7723DAFE119D}.Release|x86.ActiveCfg = Release|Any CPU
		{337B41D3-6674-4628-B309-7723DAFE119D}.Release|x86.Build.0 = Release|Any CPU
		{7845AEC2-149F-45F4-9302-D7A8C2D3708D}.Debug|Any CPU.ActiveCfg = Debug|Any CPU
		{7845AEC2-149F-45F4-9302-D7A8C2D3708D}.Debug|Any CPU.Build.0 = Debug|Any CPU
		{7845AEC2-149F-45F4-9302-D7A8C2D3708D}.Debug|x64.ActiveCfg = Debug|Any CPU
		{7845AEC2-149F-45F4-9302-D7A8C2D3708D}.Debug|x64.Build.0 = Debug|Any CPU
		{7845AEC2-149F-45F4-9302-D7A8C2D3708D}.Debug|x86.ActiveCfg = Debug|Any CPU
		{7845AEC2-149F-45F4-9302-D7A8C2D3708D}.Debug|x86.Build.0 = Debug|Any CPU
		{7845AEC2-149F-45F4-9302-D7A8C2D3708D}.Release|Any CPU.ActiveCfg = Release|Any CPU
		{7845AEC2-149F-45F4-9302-D7A8C2D3708D}.Release|Any CPU.Build.0 = Release|Any CPU
		{7845AEC2-149F-45F4-9302-D7A8C2D3708D}.Release|x64.ActiveCfg = Release|Any CPU
		{7845AEC2-149F-45F4-9302-D7A8C2D3708D}.Release|x64.Build.0 = Release|Any CPU
		{7845AEC2-149F-45F4-9302-D7A8C2D3708D}.Release|x86.ActiveCfg = Release|Any CPU
		{7845AEC2-149F-45F4-9302-D7A8C2D3708D}.Release|x86.Build.0 = Release|Any CPU
		{D70C4DB1-4E7F-4443-A474-08FC8629E28B}.Debug|Any CPU.ActiveCfg = Debug|Any CPU
		{D70C4DB1-4E7F-4443-A474-08FC8629E28B}.Debug|Any CPU.Build.0 = Debug|Any CPU
		{D70C4DB1-4E7F-4443-A474-08FC8629E28B}.Debug|x64.ActiveCfg = Debug|Any CPU
		{D70C4DB1-4E7F-4443-A474-08FC8629E28B}.Debug|x64.Build.0 = Debug|Any CPU
		{D70C4DB1-4E7F-4443-A474-08FC8629E28B}.Debug|x86.ActiveCfg = Debug|Any CPU
		{D70C4DB1-4E7F-4443-A474-08FC8629E28B}.Debug|x86.Build.0 = Debug|Any CPU
		{D70C4DB1-4E7F-4443-A474-08FC8629E28B}.Release|Any CPU.ActiveCfg = Release|Any CPU
		{D70C4DB1-4E7F-4443-A474-08FC8629E28B}.Release|Any CPU.Build.0 = Release|Any CPU
		{D70C4DB1-4E7F-4443-A474-08FC8629E28B}.Release|x64.ActiveCfg = Release|Any CPU
		{D70C4DB1-4E7F-4443-A474-08FC8629E28B}.Release|x64.Build.0 = Release|Any CPU
		{D70C4DB1-4E7F-4443-A474-08FC8629E28B}.Release|x86.ActiveCfg = Release|Any CPU
		{D70C4DB1-4E7F-4443-A474-08FC8629E28B}.Release|x86.Build.0 = Release|Any CPU
		{5A8F6887-0189-49BE-AD8C-3E10DC0477E8}.Debug|Any CPU.ActiveCfg = Debug|Any CPU
		{5A8F6887-0189-49BE-AD8C-3E10DC0477E8}.Debug|Any CPU.Build.0 = Debug|Any CPU
		{5A8F6887-0189-49BE-AD8C-3E10DC0477E8}.Debug|x64.ActiveCfg = Debug|Any CPU
		{5A8F6887-0189-49BE-AD8C-3E10DC0477E8}.Debug|x64.Build.0 = Debug|Any CPU
		{5A8F6887-0189-49BE-AD8C-3E10DC0477E8}.Debug|x86.ActiveCfg = Debug|Any CPU
		{5A8F6887-0189-49BE-AD8C-3E10DC0477E8}.Debug|x86.Build.0 = Debug|Any CPU
		{5A8F6887-0189-49BE-AD8C-3E10DC0477E8}.Release|Any CPU.ActiveCfg = Release|Any CPU
		{5A8F6887-0189-49BE-AD8C-3E10DC0477E8}.Release|Any CPU.Build.0 = Release|Any CPU
		{5A8F6887-0189-49BE-AD8C-3E10DC0477E8}.Release|x64.ActiveCfg = Release|Any CPU
		{5A8F6887-0189-49BE-AD8C-3E10DC0477E8}.Release|x64.Build.0 = Release|Any CPU
		{5A8F6887-0189-49BE-AD8C-3E10DC0477E8}.Release|x86.ActiveCfg = Release|Any CPU
		{5A8F6887-0189-49BE-AD8C-3E10DC0477E8}.Release|x86.Build.0 = Release|Any CPU
		{A2EE5C23-7CB5-4A4A-86A9-E80F334E2F48}.Debug|Any CPU.ActiveCfg = Debug|Any CPU
		{A2EE5C23-7CB5-4A4A-86A9-E80F334E2F48}.Debug|Any CPU.Build.0 = Debug|Any CPU
		{A2EE5C23-7CB5-4A4A-86A9-E80F334E2F48}.Debug|x64.ActiveCfg = Debug|Any CPU
		{A2EE5C23-7CB5-4A4A-86A9-E80F334E2F48}.Debug|x64.Build.0 = Debug|Any CPU
		{A2EE5C23-7CB5-4A4A-86A9-E80F334E2F48}.Debug|x86.ActiveCfg = Debug|Any CPU
		{A2EE5C23-7CB5-4A4A-86A9-E80F334E2F48}.Debug|x86.Build.0 = Debug|Any CPU
		{A2EE5C23-7CB5-4A4A-86A9-E80F334E2F48}.Release|Any CPU.ActiveCfg = Release|Any CPU
		{A2EE5C23-7CB5-4A4A-86A9-E80F334E2F48}.Release|Any CPU.Build.0 = Release|Any CPU
		{A2EE5C23-7CB5-4A4A-86A9-E80F334E2F48}.Release|x64.ActiveCfg = Release|Any CPU
		{A2EE5C23-7CB5-4A4A-86A9-E80F334E2F48}.Release|x64.Build.0 = Release|Any CPU
		{A2EE5C23-7CB5-4A4A-86A9-E80F334E2F48}.Release|x86.ActiveCfg = Release|Any CPU
		{A2EE5C23-7CB5-4A4A-86A9-E80F334E2F48}.Release|x86.Build.0 = Release|Any CPU
		{553302E8-6FDF-401C-BB3C-14D831E57385}.Debug|Any CPU.ActiveCfg = Debug|Any CPU
		{553302E8-6FDF-401C-BB3C-14D831E57385}.Debug|Any CPU.Build.0 = Debug|Any CPU
		{553302E8-6FDF-401C-BB3C-14D831E57385}.Debug|x64.ActiveCfg = Debug|Any CPU
		{553302E8-6FDF-401C-BB3C-14D831E57385}.Debug|x64.Build.0 = Debug|Any CPU
		{553302E8-6FDF-401C-BB3C-14D831E57385}.Debug|x86.ActiveCfg = Debug|Any CPU
		{553302E8-6FDF-401C-BB3C-14D831E57385}.Debug|x86.Build.0 = Debug|Any CPU
		{553302E8-6FDF-401C-BB3C-14D831E57385}.Release|Any CPU.ActiveCfg = Release|Any CPU
		{553302E8-6FDF-401C-BB3C-14D831E57385}.Release|Any CPU.Build.0 = Release|Any CPU
		{553302E8-6FDF-401C-BB3C-14D831E57385}.Release|x64.ActiveCfg = Release|Any CPU
		{553302E8-6FDF-401C-BB3C-14D831E57385}.Release|x64.Build.0 = Release|Any CPU
		{553302E8-6FDF-401C-BB3C-14D831E57385}.Release|x86.ActiveCfg = Release|Any CPU
		{553302E8-6FDF-401C-BB3C-14D831E57385}.Release|x86.Build.0 = Release|Any CPU
		{35B8D350-4A1E-4A8B-9FED-307B334C12AE}.Debug|Any CPU.ActiveCfg = Debug|Any CPU
		{35B8D350-4A1E-4A8B-9FED-307B334C12AE}.Debug|Any CPU.Build.0 = Debug|Any CPU
		{35B8D350-4A1E-4A8B-9FED-307B334C12AE}.Debug|x64.ActiveCfg = Debug|Any CPU
		{35B8D350-4A1E-4A8B-9FED-307B334C12AE}.Debug|x64.Build.0 = Debug|Any CPU
		{35B8D350-4A1E-4A8B-9FED-307B334C12AE}.Debug|x86.ActiveCfg = Debug|Any CPU
		{35B8D350-4A1E-4A8B-9FED-307B334C12AE}.Debug|x86.Build.0 = Debug|Any CPU
		{35B8D350-4A1E-4A8B-9FED-307B334C12AE}.Release|Any CPU.ActiveCfg = Release|Any CPU
		{35B8D350-4A1E-4A8B-9FED-307B334C12AE}.Release|Any CPU.Build.0 = Release|Any CPU
		{35B8D350-4A1E-4A8B-9FED-307B334C12AE}.Release|x64.ActiveCfg = Release|Any CPU
		{35B8D350-4A1E-4A8B-9FED-307B334C12AE}.Release|x64.Build.0 = Release|Any CPU
		{35B8D350-4A1E-4A8B-9FED-307B334C12AE}.Release|x86.ActiveCfg = Release|Any CPU
		{35B8D350-4A1E-4A8B-9FED-307B334C12AE}.Release|x86.Build.0 = Release|Any CPU
		{E4F998BC-401A-4268-A101-F7CF8D7E9637}.Debug|Any CPU.ActiveCfg = Debug|Any CPU
		{E4F998BC-401A-4268-A101-F7CF8D7E9637}.Debug|Any CPU.Build.0 = Debug|Any CPU
		{E4F998BC-401A-4268-A101-F7CF8D7E9637}.Debug|x64.ActiveCfg = Debug|Any CPU
		{E4F998BC-401A-4268-A101-F7CF8D7E9637}.Debug|x64.Build.0 = Debug|Any CPU
		{E4F998BC-401A-4268-A101-F7CF8D7E9637}.Debug|x86.ActiveCfg = Debug|Any CPU
		{E4F998BC-401A-4268-A101-F7CF8D7E9637}.Debug|x86.Build.0 = Debug|Any CPU
		{E4F998BC-401A-4268-A101-F7CF8D7E9637}.Release|Any CPU.ActiveCfg = Release|Any CPU
		{E4F998BC-401A-4268-A101-F7CF8D7E9637}.Release|Any CPU.Build.0 = Release|Any CPU
		{E4F998BC-401A-4268-A101-F7CF8D7E9637}.Release|x64.ActiveCfg = Release|Any CPU
		{E4F998BC-401A-4268-A101-F7CF8D7E9637}.Release|x64.Build.0 = Release|Any CPU
		{E4F998BC-401A-4268-A101-F7CF8D7E9637}.Release|x86.ActiveCfg = Release|Any CPU
		{E4F998BC-401A-4268-A101-F7CF8D7E9637}.Release|x86.Build.0 = Release|Any CPU
		{AE07D7A6-B1AA-4014-9676-4F2E0FDB817B}.Debug|Any CPU.ActiveCfg = Debug|Any CPU
		{AE07D7A6-B1AA-4014-9676-4F2E0FDB817B}.Debug|Any CPU.Build.0 = Debug|Any CPU
		{AE07D7A6-B1AA-4014-9676-4F2E0FDB817B}.Debug|x64.ActiveCfg = Debug|Any CPU
		{AE07D7A6-B1AA-4014-9676-4F2E0FDB817B}.Debug|x64.Build.0 = Debug|Any CPU
		{AE07D7A6-B1AA-4014-9676-4F2E0FDB817B}.Debug|x86.ActiveCfg = Debug|Any CPU
		{AE07D7A6-B1AA-4014-9676-4F2E0FDB817B}.Debug|x86.Build.0 = Debug|Any CPU
		{AE07D7A6-B1AA-4014-9676-4F2E0FDB817B}.Release|Any CPU.ActiveCfg = Release|Any CPU
		{AE07D7A6-B1AA-4014-9676-4F2E0FDB817B}.Release|Any CPU.Build.0 = Release|Any CPU
		{AE07D7A6-B1AA-4014-9676-4F2E0FDB817B}.Release|x64.ActiveCfg = Release|Any CPU
		{AE07D7A6-B1AA-4014-9676-4F2E0FDB817B}.Release|x64.Build.0 = Release|Any CPU
		{AE07D7A6-B1AA-4014-9676-4F2E0FDB817B}.Release|x86.ActiveCfg = Release|Any CPU
		{AE07D7A6-B1AA-4014-9676-4F2E0FDB817B}.Release|x86.Build.0 = Release|Any CPU
		{2D3C0476-5F92-4956-B3C9-00D06544B1EF}.Debug|Any CPU.ActiveCfg = Debug|Any CPU
		{2D3C0476-5F92-4956-B3C9-00D06544B1EF}.Debug|Any CPU.Build.0 = Debug|Any CPU
		{2D3C0476-5F92-4956-B3C9-00D06544B1EF}.Debug|x64.ActiveCfg = Debug|Any CPU
		{2D3C0476-5F92-4956-B3C9-00D06544B1EF}.Debug|x64.Build.0 = Debug|Any CPU
		{2D3C0476-5F92-4956-B3C9-00D06544B1EF}.Debug|x86.ActiveCfg = Debug|Any CPU
		{2D3C0476-5F92-4956-B3C9-00D06544B1EF}.Debug|x86.Build.0 = Debug|Any CPU
		{2D3C0476-5F92-4956-B3C9-00D06544B1EF}.Release|Any CPU.ActiveCfg = Release|Any CPU
		{2D3C0476-5F92-4956-B3C9-00D06544B1EF}.Release|Any CPU.Build.0 = Release|Any CPU
		{2D3C0476-5F92-4956-B3C9-00D06544B1EF}.Release|x64.ActiveCfg = Release|Any CPU
		{2D3C0476-5F92-4956-B3C9-00D06544B1EF}.Release|x64.Build.0 = Release|Any CPU
		{2D3C0476-5F92-4956-B3C9-00D06544B1EF}.Release|x86.ActiveCfg = Release|Any CPU
		{2D3C0476-5F92-4956-B3C9-00D06544B1EF}.Release|x86.Build.0 = Release|Any CPU
		{41431C99-59DF-4B7D-9647-BDF4258B048D}.Debug|Any CPU.ActiveCfg = Debug|Any CPU
		{41431C99-59DF-4B7D-9647-BDF4258B048D}.Debug|Any CPU.Build.0 = Debug|Any CPU
		{41431C99-59DF-4B7D-9647-BDF4258B048D}.Debug|x64.ActiveCfg = Debug|Any CPU
		{41431C99-59DF-4B7D-9647-BDF4258B048D}.Debug|x64.Build.0 = Debug|Any CPU
		{41431C99-59DF-4B7D-9647-BDF4258B048D}.Debug|x86.ActiveCfg = Debug|Any CPU
		{41431C99-59DF-4B7D-9647-BDF4258B048D}.Debug|x86.Build.0 = Debug|Any CPU
		{41431C99-59DF-4B7D-9647-BDF4258B048D}.Release|Any CPU.ActiveCfg = Release|Any CPU
		{41431C99-59DF-4B7D-9647-BDF4258B048D}.Release|Any CPU.Build.0 = Release|Any CPU
		{41431C99-59DF-4B7D-9647-BDF4258B048D}.Release|x64.ActiveCfg = Release|Any CPU
		{41431C99-59DF-4B7D-9647-BDF4258B048D}.Release|x64.Build.0 = Release|Any CPU
		{41431C99-59DF-4B7D-9647-BDF4258B048D}.Release|x86.ActiveCfg = Release|Any CPU
		{41431C99-59DF-4B7D-9647-BDF4258B048D}.Release|x86.Build.0 = Release|Any CPU
		{7555F581-C632-4490-A0E4-E4F1539E9209}.Debug|Any CPU.ActiveCfg = Debug|Any CPU
		{7555F581-C632-4490-A0E4-E4F1539E9209}.Debug|Any CPU.Build.0 = Debug|Any CPU
		{7555F581-C632-4490-A0E4-E4F1539E9209}.Debug|x64.ActiveCfg = Debug|Any CPU
		{7555F581-C632-4490-A0E4-E4F1539E9209}.Debug|x64.Build.0 = Debug|Any CPU
		{7555F581-C632-4490-A0E4-E4F1539E9209}.Debug|x86.ActiveCfg = Debug|Any CPU
		{7555F581-C632-4490-A0E4-E4F1539E9209}.Debug|x86.Build.0 = Debug|Any CPU
		{7555F581-C632-4490-A0E4-E4F1539E9209}.Release|Any CPU.ActiveCfg = Release|Any CPU
		{7555F581-C632-4490-A0E4-E4F1539E9209}.Release|Any CPU.Build.0 = Release|Any CPU
		{7555F581-C632-4490-A0E4-E4F1539E9209}.Release|x64.ActiveCfg = Release|Any CPU
		{7555F581-C632-4490-A0E4-E4F1539E9209}.Release|x64.Build.0 = Release|Any CPU
		{7555F581-C632-4490-A0E4-E4F1539E9209}.Release|x86.ActiveCfg = Release|Any CPU
		{7555F581-C632-4490-A0E4-E4F1539E9209}.Release|x86.Build.0 = Release|Any CPU
		{9308CF34-12C5-4D5B-A318-00AD7AC1907A}.Debug|Any CPU.ActiveCfg = Debug|Any CPU
		{9308CF34-12C5-4D5B-A318-00AD7AC1907A}.Debug|Any CPU.Build.0 = Debug|Any CPU
		{9308CF34-12C5-4D5B-A318-00AD7AC1907A}.Debug|x64.ActiveCfg = Debug|Any CPU
		{9308CF34-12C5-4D5B-A318-00AD7AC1907A}.Debug|x64.Build.0 = Debug|Any CPU
		{9308CF34-12C5-4D5B-A318-00AD7AC1907A}.Debug|x86.ActiveCfg = Debug|Any CPU
		{9308CF34-12C5-4D5B-A318-00AD7AC1907A}.Debug|x86.Build.0 = Debug|Any CPU
		{9308CF34-12C5-4D5B-A318-00AD7AC1907A}.Release|Any CPU.ActiveCfg = Release|Any CPU
		{9308CF34-12C5-4D5B-A318-00AD7AC1907A}.Release|Any CPU.Build.0 = Release|Any CPU
		{9308CF34-12C5-4D5B-A318-00AD7AC1907A}.Release|x64.ActiveCfg = Release|Any CPU
		{9308CF34-12C5-4D5B-A318-00AD7AC1907A}.Release|x64.Build.0 = Release|Any CPU
		{9308CF34-12C5-4D5B-A318-00AD7AC1907A}.Release|x86.ActiveCfg = Release|Any CPU
		{9308CF34-12C5-4D5B-A318-00AD7AC1907A}.Release|x86.Build.0 = Release|Any CPU
		{045EE2A3-F595-4D40-8E1A-734CA9CEB10C}.Debug|Any CPU.ActiveCfg = Debug|Any CPU
		{045EE2A3-F595-4D40-8E1A-734CA9CEB10C}.Debug|Any CPU.Build.0 = Debug|Any CPU
		{045EE2A3-F595-4D40-8E1A-734CA9CEB10C}.Debug|x64.ActiveCfg = Debug|Any CPU
		{045EE2A3-F595-4D40-8E1A-734CA9CEB10C}.Debug|x64.Build.0 = Debug|Any CPU
		{045EE2A3-F595-4D40-8E1A-734CA9CEB10C}.Debug|x86.ActiveCfg = Debug|Any CPU
		{045EE2A3-F595-4D40-8E1A-734CA9CEB10C}.Debug|x86.Build.0 = Debug|Any CPU
		{045EE2A3-F595-4D40-8E1A-734CA9CEB10C}.Release|Any CPU.ActiveCfg = Release|Any CPU
		{045EE2A3-F595-4D40-8E1A-734CA9CEB10C}.Release|Any CPU.Build.0 = Release|Any CPU
		{045EE2A3-F595-4D40-8E1A-734CA9CEB10C}.Release|x64.ActiveCfg = Release|Any CPU
		{045EE2A3-F595-4D40-8E1A-734CA9CEB10C}.Release|x64.Build.0 = Release|Any CPU
		{045EE2A3-F595-4D40-8E1A-734CA9CEB10C}.Release|x86.ActiveCfg = Release|Any CPU
		{045EE2A3-F595-4D40-8E1A-734CA9CEB10C}.Release|x86.Build.0 = Release|Any CPU
		{76D789CF-9499-4A12-9128-7378592B7BDC}.Debug|Any CPU.ActiveCfg = Debug|Any CPU
		{76D789CF-9499-4A12-9128-7378592B7BDC}.Debug|Any CPU.Build.0 = Debug|Any CPU
		{76D789CF-9499-4A12-9128-7378592B7BDC}.Debug|x64.ActiveCfg = Debug|Any CPU
		{76D789CF-9499-4A12-9128-7378592B7BDC}.Debug|x64.Build.0 = Debug|Any CPU
		{76D789CF-9499-4A12-9128-7378592B7BDC}.Debug|x86.ActiveCfg = Debug|Any CPU
		{76D789CF-9499-4A12-9128-7378592B7BDC}.Debug|x86.Build.0 = Debug|Any CPU
		{76D789CF-9499-4A12-9128-7378592B7BDC}.Release|Any CPU.ActiveCfg = Release|Any CPU
		{76D789CF-9499-4A12-9128-7378592B7BDC}.Release|Any CPU.Build.0 = Release|Any CPU
		{76D789CF-9499-4A12-9128-7378592B7BDC}.Release|x64.ActiveCfg = Release|Any CPU
		{76D789CF-9499-4A12-9128-7378592B7BDC}.Release|x64.Build.0 = Release|Any CPU
		{76D789CF-9499-4A12-9128-7378592B7BDC}.Release|x86.ActiveCfg = Release|Any CPU
		{76D789CF-9499-4A12-9128-7378592B7BDC}.Release|x86.Build.0 = Release|Any CPU
		{5FE6BDFF-AD0E-4E1C-A596-6D583D0777BC}.Debug|Any CPU.ActiveCfg = Debug|Any CPU
		{5FE6BDFF-AD0E-4E1C-A596-6D583D0777BC}.Debug|Any CPU.Build.0 = Debug|Any CPU
		{5FE6BDFF-AD0E-4E1C-A596-6D583D0777BC}.Debug|x64.ActiveCfg = Debug|Any CPU
		{5FE6BDFF-AD0E-4E1C-A596-6D583D0777BC}.Debug|x64.Build.0 = Debug|Any CPU
		{5FE6BDFF-AD0E-4E1C-A596-6D583D0777BC}.Debug|x86.ActiveCfg = Debug|Any CPU
		{5FE6BDFF-AD0E-4E1C-A596-6D583D0777BC}.Debug|x86.Build.0 = Debug|Any CPU
		{5FE6BDFF-AD0E-4E1C-A596-6D583D0777BC}.Release|Any CPU.ActiveCfg = Release|Any CPU
		{5FE6BDFF-AD0E-4E1C-A596-6D583D0777BC}.Release|Any CPU.Build.0 = Release|Any CPU
		{5FE6BDFF-AD0E-4E1C-A596-6D583D0777BC}.Release|x64.ActiveCfg = Release|Any CPU
		{5FE6BDFF-AD0E-4E1C-A596-6D583D0777BC}.Release|x64.Build.0 = Release|Any CPU
		{5FE6BDFF-AD0E-4E1C-A596-6D583D0777BC}.Release|x86.ActiveCfg = Release|Any CPU
		{5FE6BDFF-AD0E-4E1C-A596-6D583D0777BC}.Release|x86.Build.0 = Release|Any CPU
		{6B76C4A1-D871-4A78-B284-FE8E2FCBA10D}.Debug|Any CPU.ActiveCfg = Debug|Any CPU
		{6B76C4A1-D871-4A78-B284-FE8E2FCBA10D}.Debug|Any CPU.Build.0 = Debug|Any CPU
		{6B76C4A1-D871-4A78-B284-FE8E2FCBA10D}.Debug|x64.ActiveCfg = Debug|Any CPU
		{6B76C4A1-D871-4A78-B284-FE8E2FCBA10D}.Debug|x64.Build.0 = Debug|Any CPU
		{6B76C4A1-D871-4A78-B284-FE8E2FCBA10D}.Debug|x86.ActiveCfg = Debug|Any CPU
		{6B76C4A1-D871-4A78-B284-FE8E2FCBA10D}.Debug|x86.Build.0 = Debug|Any CPU
		{6B76C4A1-D871-4A78-B284-FE8E2FCBA10D}.Release|Any CPU.ActiveCfg = Release|Any CPU
		{6B76C4A1-D871-4A78-B284-FE8E2FCBA10D}.Release|Any CPU.Build.0 = Release|Any CPU
		{6B76C4A1-D871-4A78-B284-FE8E2FCBA10D}.Release|x64.ActiveCfg = Release|Any CPU
		{6B76C4A1-D871-4A78-B284-FE8E2FCBA10D}.Release|x64.Build.0 = Release|Any CPU
		{6B76C4A1-D871-4A78-B284-FE8E2FCBA10D}.Release|x86.ActiveCfg = Release|Any CPU
		{6B76C4A1-D871-4A78-B284-FE8E2FCBA10D}.Release|x86.Build.0 = Release|Any CPU
		{56BFF745-3A77-44BF-B068-3E13901295A1}.Debug|Any CPU.ActiveCfg = Debug|Any CPU
		{56BFF745-3A77-44BF-B068-3E13901295A1}.Debug|Any CPU.Build.0 = Debug|Any CPU
		{56BFF745-3A77-44BF-B068-3E13901295A1}.Debug|x64.ActiveCfg = Debug|Any CPU
		{56BFF745-3A77-44BF-B068-3E13901295A1}.Debug|x64.Build.0 = Debug|Any CPU
		{56BFF745-3A77-44BF-B068-3E13901295A1}.Debug|x86.ActiveCfg = Debug|Any CPU
		{56BFF745-3A77-44BF-B068-3E13901295A1}.Debug|x86.Build.0 = Debug|Any CPU
		{56BFF745-3A77-44BF-B068-3E13901295A1}.Release|Any CPU.ActiveCfg = Release|Any CPU
		{56BFF745-3A77-44BF-B068-3E13901295A1}.Release|Any CPU.Build.0 = Release|Any CPU
		{56BFF745-3A77-44BF-B068-3E13901295A1}.Release|x64.ActiveCfg = Release|Any CPU
		{56BFF745-3A77-44BF-B068-3E13901295A1}.Release|x64.Build.0 = Release|Any CPU
		{56BFF745-3A77-44BF-B068-3E13901295A1}.Release|x86.ActiveCfg = Release|Any CPU
		{56BFF745-3A77-44BF-B068-3E13901295A1}.Release|x86.Build.0 = Release|Any CPU
		{81372498-2551-49D6-8A36-4F57C4985E5E}.Debug|Any CPU.ActiveCfg = Debug|Any CPU
		{81372498-2551-49D6-8A36-4F57C4985E5E}.Debug|Any CPU.Build.0 = Debug|Any CPU
		{81372498-2551-49D6-8A36-4F57C4985E5E}.Debug|x64.ActiveCfg = Debug|Any CPU
		{81372498-2551-49D6-8A36-4F57C4985E5E}.Debug|x64.Build.0 = Debug|Any CPU
		{81372498-2551-49D6-8A36-4F57C4985E5E}.Debug|x86.ActiveCfg = Debug|Any CPU
		{81372498-2551-49D6-8A36-4F57C4985E5E}.Debug|x86.Build.0 = Debug|Any CPU
		{81372498-2551-49D6-8A36-4F57C4985E5E}.Release|Any CPU.ActiveCfg = Release|Any CPU
		{81372498-2551-49D6-8A36-4F57C4985E5E}.Release|Any CPU.Build.0 = Release|Any CPU
		{81372498-2551-49D6-8A36-4F57C4985E5E}.Release|x64.ActiveCfg = Release|Any CPU
		{81372498-2551-49D6-8A36-4F57C4985E5E}.Release|x64.Build.0 = Release|Any CPU
		{81372498-2551-49D6-8A36-4F57C4985E5E}.Release|x86.ActiveCfg = Release|Any CPU
		{81372498-2551-49D6-8A36-4F57C4985E5E}.Release|x86.Build.0 = Release|Any CPU
		{C4B66CFD-47AA-4B41-BE26-B6FE2282FF09}.Debug|Any CPU.ActiveCfg = Debug|Any CPU
		{C4B66CFD-47AA-4B41-BE26-B6FE2282FF09}.Debug|Any CPU.Build.0 = Debug|Any CPU
		{C4B66CFD-47AA-4B41-BE26-B6FE2282FF09}.Debug|x64.ActiveCfg = Debug|Any CPU
		{C4B66CFD-47AA-4B41-BE26-B6FE2282FF09}.Debug|x64.Build.0 = Debug|Any CPU
		{C4B66CFD-47AA-4B41-BE26-B6FE2282FF09}.Debug|x86.ActiveCfg = Debug|Any CPU
		{C4B66CFD-47AA-4B41-BE26-B6FE2282FF09}.Debug|x86.Build.0 = Debug|Any CPU
		{C4B66CFD-47AA-4B41-BE26-B6FE2282FF09}.Release|Any CPU.ActiveCfg = Release|Any CPU
		{C4B66CFD-47AA-4B41-BE26-B6FE2282FF09}.Release|Any CPU.Build.0 = Release|Any CPU
		{C4B66CFD-47AA-4B41-BE26-B6FE2282FF09}.Release|x64.ActiveCfg = Release|Any CPU
		{C4B66CFD-47AA-4B41-BE26-B6FE2282FF09}.Release|x64.Build.0 = Release|Any CPU
		{C4B66CFD-47AA-4B41-BE26-B6FE2282FF09}.Release|x86.ActiveCfg = Release|Any CPU
		{C4B66CFD-47AA-4B41-BE26-B6FE2282FF09}.Release|x86.Build.0 = Release|Any CPU
		{EE566D3A-1859-451F-AFCA-CFDC624B9E66}.Debug|Any CPU.ActiveCfg = Debug|Any CPU
		{EE566D3A-1859-451F-AFCA-CFDC624B9E66}.Debug|Any CPU.Build.0 = Debug|Any CPU
		{EE566D3A-1859-451F-AFCA-CFDC624B9E66}.Debug|x64.ActiveCfg = Debug|Any CPU
		{EE566D3A-1859-451F-AFCA-CFDC624B9E66}.Debug|x64.Build.0 = Debug|Any CPU
		{EE566D3A-1859-451F-AFCA-CFDC624B9E66}.Debug|x86.ActiveCfg = Debug|Any CPU
		{EE566D3A-1859-451F-AFCA-CFDC624B9E66}.Debug|x86.Build.0 = Debug|Any CPU
		{EE566D3A-1859-451F-AFCA-CFDC624B9E66}.Release|Any CPU.ActiveCfg = Release|Any CPU
		{EE566D3A-1859-451F-AFCA-CFDC624B9E66}.Release|Any CPU.Build.0 = Release|Any CPU
		{EE566D3A-1859-451F-AFCA-CFDC624B9E66}.Release|x64.ActiveCfg = Release|Any CPU
		{EE566D3A-1859-451F-AFCA-CFDC624B9E66}.Release|x64.Build.0 = Release|Any CPU
		{EE566D3A-1859-451F-AFCA-CFDC624B9E66}.Release|x86.ActiveCfg = Release|Any CPU
		{EE566D3A-1859-451F-AFCA-CFDC624B9E66}.Release|x86.Build.0 = Release|Any CPU
		{D52DD1E9-42C9-4378-B505-C94C6B282C49}.Debug|Any CPU.ActiveCfg = Debug|Any CPU
		{D52DD1E9-42C9-4378-B505-C94C6B282C49}.Debug|Any CPU.Build.0 = Debug|Any CPU
		{D52DD1E9-42C9-4378-B505-C94C6B282C49}.Debug|x64.ActiveCfg = Debug|Any CPU
		{D52DD1E9-42C9-4378-B505-C94C6B282C49}.Debug|x64.Build.0 = Debug|Any CPU
		{D52DD1E9-42C9-4378-B505-C94C6B282C49}.Debug|x86.ActiveCfg = Debug|Any CPU
		{D52DD1E9-42C9-4378-B505-C94C6B282C49}.Debug|x86.Build.0 = Debug|Any CPU
		{D52DD1E9-42C9-4378-B505-C94C6B282C49}.Release|Any CPU.ActiveCfg = Release|Any CPU
		{D52DD1E9-42C9-4378-B505-C94C6B282C49}.Release|Any CPU.Build.0 = Release|Any CPU
		{D52DD1E9-42C9-4378-B505-C94C6B282C49}.Release|x64.ActiveCfg = Release|Any CPU
		{D52DD1E9-42C9-4378-B505-C94C6B282C49}.Release|x64.Build.0 = Release|Any CPU
		{D52DD1E9-42C9-4378-B505-C94C6B282C49}.Release|x86.ActiveCfg = Release|Any CPU
		{D52DD1E9-42C9-4378-B505-C94C6B282C49}.Release|x86.Build.0 = Release|Any CPU
		{751C9FDC-5992-4734-ABD0-126148F3818D}.Debug|Any CPU.ActiveCfg = Debug|Any CPU
		{751C9FDC-5992-4734-ABD0-126148F3818D}.Debug|Any CPU.Build.0 = Debug|Any CPU
		{751C9FDC-5992-4734-ABD0-126148F3818D}.Debug|x64.ActiveCfg = Debug|Any CPU
		{751C9FDC-5992-4734-ABD0-126148F3818D}.Debug|x64.Build.0 = Debug|Any CPU
		{751C9FDC-5992-4734-ABD0-126148F3818D}.Debug|x86.ActiveCfg = Debug|Any CPU
		{751C9FDC-5992-4734-ABD0-126148F3818D}.Debug|x86.Build.0 = Debug|Any CPU
		{751C9FDC-5992-4734-ABD0-126148F3818D}.Release|Any CPU.ActiveCfg = Release|Any CPU
		{751C9FDC-5992-4734-ABD0-126148F3818D}.Release|Any CPU.Build.0 = Release|Any CPU
		{751C9FDC-5992-4734-ABD0-126148F3818D}.Release|x64.ActiveCfg = Release|Any CPU
		{751C9FDC-5992-4734-ABD0-126148F3818D}.Release|x64.Build.0 = Release|Any CPU
		{751C9FDC-5992-4734-ABD0-126148F3818D}.Release|x86.ActiveCfg = Release|Any CPU
		{751C9FDC-5992-4734-ABD0-126148F3818D}.Release|x86.Build.0 = Release|Any CPU
		{CDC2D04E-9433-4D2F-9A77-1839982F6834}.Debug|Any CPU.ActiveCfg = Debug|Any CPU
		{CDC2D04E-9433-4D2F-9A77-1839982F6834}.Debug|Any CPU.Build.0 = Debug|Any CPU
		{CDC2D04E-9433-4D2F-9A77-1839982F6834}.Debug|x64.ActiveCfg = Debug|Any CPU
		{CDC2D04E-9433-4D2F-9A77-1839982F6834}.Debug|x64.Build.0 = Debug|Any CPU
		{CDC2D04E-9433-4D2F-9A77-1839982F6834}.Debug|x86.ActiveCfg = Debug|Any CPU
		{CDC2D04E-9433-4D2F-9A77-1839982F6834}.Debug|x86.Build.0 = Debug|Any CPU
		{CDC2D04E-9433-4D2F-9A77-1839982F6834}.Release|Any CPU.ActiveCfg = Release|Any CPU
		{CDC2D04E-9433-4D2F-9A77-1839982F6834}.Release|Any CPU.Build.0 = Release|Any CPU
		{CDC2D04E-9433-4D2F-9A77-1839982F6834}.Release|x64.ActiveCfg = Release|Any CPU
		{CDC2D04E-9433-4D2F-9A77-1839982F6834}.Release|x64.Build.0 = Release|Any CPU
		{CDC2D04E-9433-4D2F-9A77-1839982F6834}.Release|x86.ActiveCfg = Release|Any CPU
		{CDC2D04E-9433-4D2F-9A77-1839982F6834}.Release|x86.Build.0 = Release|Any CPU
		{C1400CFC-3087-42E1-B580-DE8A00C3686B}.Debug|Any CPU.ActiveCfg = Debug|Any CPU
		{C1400CFC-3087-42E1-B580-DE8A00C3686B}.Debug|Any CPU.Build.0 = Debug|Any CPU
		{C1400CFC-3087-42E1-B580-DE8A00C3686B}.Debug|x64.ActiveCfg = Debug|Any CPU
		{C1400CFC-3087-42E1-B580-DE8A00C3686B}.Debug|x64.Build.0 = Debug|Any CPU
		{C1400CFC-3087-42E1-B580-DE8A00C3686B}.Debug|x86.ActiveCfg = Debug|Any CPU
		{C1400CFC-3087-42E1-B580-DE8A00C3686B}.Debug|x86.Build.0 = Debug|Any CPU
		{C1400CFC-3087-42E1-B580-DE8A00C3686B}.Release|Any CPU.ActiveCfg = Release|Any CPU
		{C1400CFC-3087-42E1-B580-DE8A00C3686B}.Release|Any CPU.Build.0 = Release|Any CPU
		{C1400CFC-3087-42E1-B580-DE8A00C3686B}.Release|x64.ActiveCfg = Release|Any CPU
		{C1400CFC-3087-42E1-B580-DE8A00C3686B}.Release|x64.Build.0 = Release|Any CPU
		{C1400CFC-3087-42E1-B580-DE8A00C3686B}.Release|x86.ActiveCfg = Release|Any CPU
		{C1400CFC-3087-42E1-B580-DE8A00C3686B}.Release|x86.Build.0 = Release|Any CPU
		{0EB5EE41-E73C-4946-8561-4C2BB0EB26BC}.Debug|Any CPU.ActiveCfg = Debug|Any CPU
		{0EB5EE41-E73C-4946-8561-4C2BB0EB26BC}.Debug|Any CPU.Build.0 = Debug|Any CPU
		{0EB5EE41-E73C-4946-8561-4C2BB0EB26BC}.Debug|x64.ActiveCfg = Debug|Any CPU
		{0EB5EE41-E73C-4946-8561-4C2BB0EB26BC}.Debug|x64.Build.0 = Debug|Any CPU
		{0EB5EE41-E73C-4946-8561-4C2BB0EB26BC}.Debug|x86.ActiveCfg = Debug|Any CPU
		{0EB5EE41-E73C-4946-8561-4C2BB0EB26BC}.Debug|x86.Build.0 = Debug|Any CPU
		{0EB5EE41-E73C-4946-8561-4C2BB0EB26BC}.Release|Any CPU.ActiveCfg = Release|Any CPU
		{0EB5EE41-E73C-4946-8561-4C2BB0EB26BC}.Release|Any CPU.Build.0 = Release|Any CPU
		{0EB5EE41-E73C-4946-8561-4C2BB0EB26BC}.Release|x64.ActiveCfg = Release|Any CPU
		{0EB5EE41-E73C-4946-8561-4C2BB0EB26BC}.Release|x64.Build.0 = Release|Any CPU
		{0EB5EE41-E73C-4946-8561-4C2BB0EB26BC}.Release|x86.ActiveCfg = Release|Any CPU
		{0EB5EE41-E73C-4946-8561-4C2BB0EB26BC}.Release|x86.Build.0 = Release|Any CPU
		{954D72F6-BD7C-40EF-A3CA-DD76D26BC2FD}.Debug|Any CPU.ActiveCfg = Debug|Any CPU
		{954D72F6-BD7C-40EF-A3CA-DD76D26BC2FD}.Debug|Any CPU.Build.0 = Debug|Any CPU
		{954D72F6-BD7C-40EF-A3CA-DD76D26BC2FD}.Debug|x64.ActiveCfg = Debug|Any CPU
		{954D72F6-BD7C-40EF-A3CA-DD76D26BC2FD}.Debug|x64.Build.0 = Debug|Any CPU
		{954D72F6-BD7C-40EF-A3CA-DD76D26BC2FD}.Debug|x86.ActiveCfg = Debug|Any CPU
		{954D72F6-BD7C-40EF-A3CA-DD76D26BC2FD}.Debug|x86.Build.0 = Debug|Any CPU
		{954D72F6-BD7C-40EF-A3CA-DD76D26BC2FD}.Release|Any CPU.ActiveCfg = Release|Any CPU
		{954D72F6-BD7C-40EF-A3CA-DD76D26BC2FD}.Release|Any CPU.Build.0 = Release|Any CPU
		{954D72F6-BD7C-40EF-A3CA-DD76D26BC2FD}.Release|x64.ActiveCfg = Release|Any CPU
		{954D72F6-BD7C-40EF-A3CA-DD76D26BC2FD}.Release|x64.Build.0 = Release|Any CPU
		{954D72F6-BD7C-40EF-A3CA-DD76D26BC2FD}.Release|x86.ActiveCfg = Release|Any CPU
		{954D72F6-BD7C-40EF-A3CA-DD76D26BC2FD}.Release|x86.Build.0 = Release|Any CPU
		{8BE60F5D-86AF-43B2-9750-1F44C9EAB236}.Debug|Any CPU.ActiveCfg = Debug|Any CPU
		{8BE60F5D-86AF-43B2-9750-1F44C9EAB236}.Debug|Any CPU.Build.0 = Debug|Any CPU
		{8BE60F5D-86AF-43B2-9750-1F44C9EAB236}.Debug|x64.ActiveCfg = Debug|Any CPU
		{8BE60F5D-86AF-43B2-9750-1F44C9EAB236}.Debug|x64.Build.0 = Debug|Any CPU
		{8BE60F5D-86AF-43B2-9750-1F44C9EAB236}.Debug|x86.ActiveCfg = Debug|Any CPU
		{8BE60F5D-86AF-43B2-9750-1F44C9EAB236}.Debug|x86.Build.0 = Debug|Any CPU
		{8BE60F5D-86AF-43B2-9750-1F44C9EAB236}.Release|Any CPU.ActiveCfg = Release|Any CPU
		{8BE60F5D-86AF-43B2-9750-1F44C9EAB236}.Release|Any CPU.Build.0 = Release|Any CPU
		{8BE60F5D-86AF-43B2-9750-1F44C9EAB236}.Release|x64.ActiveCfg = Release|Any CPU
		{8BE60F5D-86AF-43B2-9750-1F44C9EAB236}.Release|x64.Build.0 = Release|Any CPU
		{8BE60F5D-86AF-43B2-9750-1F44C9EAB236}.Release|x86.ActiveCfg = Release|Any CPU
		{8BE60F5D-86AF-43B2-9750-1F44C9EAB236}.Release|x86.Build.0 = Release|Any CPU
		{6B639FA9-E4D3-46EF-AA06-C64D44574E20}.Debug|Any CPU.ActiveCfg = Debug|Any CPU
		{6B639FA9-E4D3-46EF-AA06-C64D44574E20}.Debug|Any CPU.Build.0 = Debug|Any CPU
		{6B639FA9-E4D3-46EF-AA06-C64D44574E20}.Debug|x64.ActiveCfg = Debug|Any CPU
		{6B639FA9-E4D3-46EF-AA06-C64D44574E20}.Debug|x64.Build.0 = Debug|Any CPU
		{6B639FA9-E4D3-46EF-AA06-C64D44574E20}.Debug|x86.ActiveCfg = Debug|Any CPU
		{6B639FA9-E4D3-46EF-AA06-C64D44574E20}.Debug|x86.Build.0 = Debug|Any CPU
		{6B639FA9-E4D3-46EF-AA06-C64D44574E20}.Release|Any CPU.ActiveCfg = Release|Any CPU
		{6B639FA9-E4D3-46EF-AA06-C64D44574E20}.Release|Any CPU.Build.0 = Release|Any CPU
		{6B639FA9-E4D3-46EF-AA06-C64D44574E20}.Release|x64.ActiveCfg = Release|Any CPU
		{6B639FA9-E4D3-46EF-AA06-C64D44574E20}.Release|x64.Build.0 = Release|Any CPU
		{6B639FA9-E4D3-46EF-AA06-C64D44574E20}.Release|x86.ActiveCfg = Release|Any CPU
		{6B639FA9-E4D3-46EF-AA06-C64D44574E20}.Release|x86.Build.0 = Release|Any CPU
		{82B53A4A-E44A-4779-BBDA-1DF7240B173A}.Debug|Any CPU.ActiveCfg = Debug|Any CPU
		{82B53A4A-E44A-4779-BBDA-1DF7240B173A}.Debug|Any CPU.Build.0 = Debug|Any CPU
		{82B53A4A-E44A-4779-BBDA-1DF7240B173A}.Debug|x64.ActiveCfg = Debug|Any CPU
		{82B53A4A-E44A-4779-BBDA-1DF7240B173A}.Debug|x64.Build.0 = Debug|Any CPU
		{82B53A4A-E44A-4779-BBDA-1DF7240B173A}.Debug|x86.ActiveCfg = Debug|Any CPU
		{82B53A4A-E44A-4779-BBDA-1DF7240B173A}.Debug|x86.Build.0 = Debug|Any CPU
		{82B53A4A-E44A-4779-BBDA-1DF7240B173A}.Release|Any CPU.ActiveCfg = Release|Any CPU
		{82B53A4A-E44A-4779-BBDA-1DF7240B173A}.Release|Any CPU.Build.0 = Release|Any CPU
		{82B53A4A-E44A-4779-BBDA-1DF7240B173A}.Release|x64.ActiveCfg = Release|Any CPU
		{82B53A4A-E44A-4779-BBDA-1DF7240B173A}.Release|x64.Build.0 = Release|Any CPU
		{82B53A4A-E44A-4779-BBDA-1DF7240B173A}.Release|x86.ActiveCfg = Release|Any CPU
		{82B53A4A-E44A-4779-BBDA-1DF7240B173A}.Release|x86.Build.0 = Release|Any CPU
		{1F96F9F1-9002-4544-8EF0-64DB3AD646EC}.Debug|Any CPU.ActiveCfg = Debug|Any CPU
		{1F96F9F1-9002-4544-8EF0-64DB3AD646EC}.Debug|Any CPU.Build.0 = Debug|Any CPU
		{1F96F9F1-9002-4544-8EF0-64DB3AD646EC}.Debug|x64.ActiveCfg = Debug|Any CPU
		{1F96F9F1-9002-4544-8EF0-64DB3AD646EC}.Debug|x64.Build.0 = Debug|Any CPU
		{1F96F9F1-9002-4544-8EF0-64DB3AD646EC}.Debug|x86.ActiveCfg = Debug|Any CPU
		{1F96F9F1-9002-4544-8EF0-64DB3AD646EC}.Debug|x86.Build.0 = Debug|Any CPU
		{1F96F9F1-9002-4544-8EF0-64DB3AD646EC}.Release|Any CPU.ActiveCfg = Release|Any CPU
		{1F96F9F1-9002-4544-8EF0-64DB3AD646EC}.Release|Any CPU.Build.0 = Release|Any CPU
		{1F96F9F1-9002-4544-8EF0-64DB3AD646EC}.Release|x64.ActiveCfg = Release|Any CPU
		{1F96F9F1-9002-4544-8EF0-64DB3AD646EC}.Release|x64.Build.0 = Release|Any CPU
		{1F96F9F1-9002-4544-8EF0-64DB3AD646EC}.Release|x86.ActiveCfg = Release|Any CPU
		{1F96F9F1-9002-4544-8EF0-64DB3AD646EC}.Release|x86.Build.0 = Release|Any CPU
		{40E81BE3-966F-478D-AB66-33BFFECFE2C7}.Debug|Any CPU.ActiveCfg = Debug|Any CPU
		{40E81BE3-966F-478D-AB66-33BFFECFE2C7}.Debug|Any CPU.Build.0 = Debug|Any CPU
		{40E81BE3-966F-478D-AB66-33BFFECFE2C7}.Debug|x64.ActiveCfg = Debug|Any CPU
		{40E81BE3-966F-478D-AB66-33BFFECFE2C7}.Debug|x64.Build.0 = Debug|Any CPU
		{40E81BE3-966F-478D-AB66-33BFFECFE2C7}.Debug|x86.ActiveCfg = Debug|Any CPU
		{40E81BE3-966F-478D-AB66-33BFFECFE2C7}.Debug|x86.Build.0 = Debug|Any CPU
		{40E81BE3-966F-478D-AB66-33BFFECFE2C7}.Release|Any CPU.ActiveCfg = Release|Any CPU
		{40E81BE3-966F-478D-AB66-33BFFECFE2C7}.Release|Any CPU.Build.0 = Release|Any CPU
		{40E81BE3-966F-478D-AB66-33BFFECFE2C7}.Release|x64.ActiveCfg = Release|Any CPU
		{40E81BE3-966F-478D-AB66-33BFFECFE2C7}.Release|x64.Build.0 = Release|Any CPU
		{40E81BE3-966F-478D-AB66-33BFFECFE2C7}.Release|x86.ActiveCfg = Release|Any CPU
		{40E81BE3-966F-478D-AB66-33BFFECFE2C7}.Release|x86.Build.0 = Release|Any CPU
		{2D01F8D7-9758-431C-AA10-053D2575F88B}.Debug|Any CPU.ActiveCfg = Debug|Any CPU
		{2D01F8D7-9758-431C-AA10-053D2575F88B}.Debug|Any CPU.Build.0 = Debug|Any CPU
		{2D01F8D7-9758-431C-AA10-053D2575F88B}.Debug|x64.ActiveCfg = Debug|Any CPU
		{2D01F8D7-9758-431C-AA10-053D2575F88B}.Debug|x64.Build.0 = Debug|Any CPU
		{2D01F8D7-9758-431C-AA10-053D2575F88B}.Debug|x86.ActiveCfg = Debug|Any CPU
		{2D01F8D7-9758-431C-AA10-053D2575F88B}.Debug|x86.Build.0 = Debug|Any CPU
		{2D01F8D7-9758-431C-AA10-053D2575F88B}.Release|Any CPU.ActiveCfg = Release|Any CPU
		{2D01F8D7-9758-431C-AA10-053D2575F88B}.Release|Any CPU.Build.0 = Release|Any CPU
		{2D01F8D7-9758-431C-AA10-053D2575F88B}.Release|x64.ActiveCfg = Release|Any CPU
		{2D01F8D7-9758-431C-AA10-053D2575F88B}.Release|x64.Build.0 = Release|Any CPU
		{2D01F8D7-9758-431C-AA10-053D2575F88B}.Release|x86.ActiveCfg = Release|Any CPU
		{2D01F8D7-9758-431C-AA10-053D2575F88B}.Release|x86.Build.0 = Release|Any CPU
		{7A7FC0FE-8756-49BE-8FCB-143FAA1A08D7}.Debug|Any CPU.ActiveCfg = Debug|Any CPU
		{7A7FC0FE-8756-49BE-8FCB-143FAA1A08D7}.Debug|Any CPU.Build.0 = Debug|Any CPU
		{7A7FC0FE-8756-49BE-8FCB-143FAA1A08D7}.Debug|x64.ActiveCfg = Debug|Any CPU
		{7A7FC0FE-8756-49BE-8FCB-143FAA1A08D7}.Debug|x64.Build.0 = Debug|Any CPU
		{7A7FC0FE-8756-49BE-8FCB-143FAA1A08D7}.Debug|x86.ActiveCfg = Debug|Any CPU
		{7A7FC0FE-8756-49BE-8FCB-143FAA1A08D7}.Debug|x86.Build.0 = Debug|Any CPU
		{7A7FC0FE-8756-49BE-8FCB-143FAA1A08D7}.Release|Any CPU.ActiveCfg = Release|Any CPU
		{7A7FC0FE-8756-49BE-8FCB-143FAA1A08D7}.Release|Any CPU.Build.0 = Release|Any CPU
		{7A7FC0FE-8756-49BE-8FCB-143FAA1A08D7}.Release|x64.ActiveCfg = Release|Any CPU
		{7A7FC0FE-8756-49BE-8FCB-143FAA1A08D7}.Release|x64.Build.0 = Release|Any CPU
		{7A7FC0FE-8756-49BE-8FCB-143FAA1A08D7}.Release|x86.ActiveCfg = Release|Any CPU
		{7A7FC0FE-8756-49BE-8FCB-143FAA1A08D7}.Release|x86.Build.0 = Release|Any CPU
		{29C8C652-4010-463A-BEF5-635A9D7035A3}.Debug|Any CPU.ActiveCfg = Debug|Any CPU
		{29C8C652-4010-463A-BEF5-635A9D7035A3}.Debug|Any CPU.Build.0 = Debug|Any CPU
		{29C8C652-4010-463A-BEF5-635A9D7035A3}.Debug|x64.ActiveCfg = Debug|Any CPU
		{29C8C652-4010-463A-BEF5-635A9D7035A3}.Debug|x64.Build.0 = Debug|Any CPU
		{29C8C652-4010-463A-BEF5-635A9D7035A3}.Debug|x86.ActiveCfg = Debug|Any CPU
		{29C8C652-4010-463A-BEF5-635A9D7035A3}.Debug|x86.Build.0 = Debug|Any CPU
		{29C8C652-4010-463A-BEF5-635A9D7035A3}.Release|Any CPU.ActiveCfg = Release|Any CPU
		{29C8C652-4010-463A-BEF5-635A9D7035A3}.Release|Any CPU.Build.0 = Release|Any CPU
		{29C8C652-4010-463A-BEF5-635A9D7035A3}.Release|x64.ActiveCfg = Release|Any CPU
		{29C8C652-4010-463A-BEF5-635A9D7035A3}.Release|x64.Build.0 = Release|Any CPU
		{29C8C652-4010-463A-BEF5-635A9D7035A3}.Release|x86.ActiveCfg = Release|Any CPU
		{29C8C652-4010-463A-BEF5-635A9D7035A3}.Release|x86.Build.0 = Release|Any CPU
		{445B1655-BC1E-491A-A706-D2280FDC3BDD}.Debug|Any CPU.ActiveCfg = Debug|Any CPU
		{445B1655-BC1E-491A-A706-D2280FDC3BDD}.Debug|Any CPU.Build.0 = Debug|Any CPU
		{445B1655-BC1E-491A-A706-D2280FDC3BDD}.Debug|x64.ActiveCfg = Debug|Any CPU
		{445B1655-BC1E-491A-A706-D2280FDC3BDD}.Debug|x64.Build.0 = Debug|Any CPU
		{445B1655-BC1E-491A-A706-D2280FDC3BDD}.Debug|x86.ActiveCfg = Debug|Any CPU
		{445B1655-BC1E-491A-A706-D2280FDC3BDD}.Debug|x86.Build.0 = Debug|Any CPU
		{445B1655-BC1E-491A-A706-D2280FDC3BDD}.Release|Any CPU.ActiveCfg = Release|Any CPU
		{445B1655-BC1E-491A-A706-D2280FDC3BDD}.Release|Any CPU.Build.0 = Release|Any CPU
		{445B1655-BC1E-491A-A706-D2280FDC3BDD}.Release|x64.ActiveCfg = Release|Any CPU
		{445B1655-BC1E-491A-A706-D2280FDC3BDD}.Release|x64.Build.0 = Release|Any CPU
		{445B1655-BC1E-491A-A706-D2280FDC3BDD}.Release|x86.ActiveCfg = Release|Any CPU
		{445B1655-BC1E-491A-A706-D2280FDC3BDD}.Release|x86.Build.0 = Release|Any CPU
		{1770637A-2007-4E96-A8E5-A32772831AD3}.Debug|Any CPU.ActiveCfg = Debug|Any CPU
		{1770637A-2007-4E96-A8E5-A32772831AD3}.Debug|Any CPU.Build.0 = Debug|Any CPU
		{1770637A-2007-4E96-A8E5-A32772831AD3}.Debug|x64.ActiveCfg = Debug|Any CPU
		{1770637A-2007-4E96-A8E5-A32772831AD3}.Debug|x64.Build.0 = Debug|Any CPU
		{1770637A-2007-4E96-A8E5-A32772831AD3}.Debug|x86.ActiveCfg = Debug|Any CPU
		{1770637A-2007-4E96-A8E5-A32772831AD3}.Debug|x86.Build.0 = Debug|Any CPU
		{1770637A-2007-4E96-A8E5-A32772831AD3}.Release|Any CPU.ActiveCfg = Release|Any CPU
		{1770637A-2007-4E96-A8E5-A32772831AD3}.Release|Any CPU.Build.0 = Release|Any CPU
		{1770637A-2007-4E96-A8E5-A32772831AD3}.Release|x64.ActiveCfg = Release|Any CPU
		{1770637A-2007-4E96-A8E5-A32772831AD3}.Release|x64.Build.0 = Release|Any CPU
		{1770637A-2007-4E96-A8E5-A32772831AD3}.Release|x86.ActiveCfg = Release|Any CPU
		{1770637A-2007-4E96-A8E5-A32772831AD3}.Release|x86.Build.0 = Release|Any CPU
		{8FD648F2-8F88-4030-A622-823BFA1A3E1C}.Debug|Any CPU.ActiveCfg = Debug|Any CPU
		{8FD648F2-8F88-4030-A622-823BFA1A3E1C}.Debug|Any CPU.Build.0 = Debug|Any CPU
		{8FD648F2-8F88-4030-A622-823BFA1A3E1C}.Debug|x64.ActiveCfg = Debug|Any CPU
		{8FD648F2-8F88-4030-A622-823BFA1A3E1C}.Debug|x64.Build.0 = Debug|Any CPU
		{8FD648F2-8F88-4030-A622-823BFA1A3E1C}.Debug|x86.ActiveCfg = Debug|Any CPU
		{8FD648F2-8F88-4030-A622-823BFA1A3E1C}.Debug|x86.Build.0 = Debug|Any CPU
		{8FD648F2-8F88-4030-A622-823BFA1A3E1C}.Release|Any CPU.ActiveCfg = Release|Any CPU
		{8FD648F2-8F88-4030-A622-823BFA1A3E1C}.Release|Any CPU.Build.0 = Release|Any CPU
		{8FD648F2-8F88-4030-A622-823BFA1A3E1C}.Release|x64.ActiveCfg = Release|Any CPU
		{8FD648F2-8F88-4030-A622-823BFA1A3E1C}.Release|x64.Build.0 = Release|Any CPU
		{8FD648F2-8F88-4030-A622-823BFA1A3E1C}.Release|x86.ActiveCfg = Release|Any CPU
		{8FD648F2-8F88-4030-A622-823BFA1A3E1C}.Release|x86.Build.0 = Release|Any CPU
		{C8053627-4094-4913-8E9D-74AD38DCC39F}.Debug|Any CPU.ActiveCfg = Debug|Any CPU
		{C8053627-4094-4913-8E9D-74AD38DCC39F}.Debug|Any CPU.Build.0 = Debug|Any CPU
		{C8053627-4094-4913-8E9D-74AD38DCC39F}.Debug|x64.ActiveCfg = Debug|Any CPU
		{C8053627-4094-4913-8E9D-74AD38DCC39F}.Debug|x64.Build.0 = Debug|Any CPU
		{C8053627-4094-4913-8E9D-74AD38DCC39F}.Debug|x86.ActiveCfg = Debug|Any CPU
		{C8053627-4094-4913-8E9D-74AD38DCC39F}.Debug|x86.Build.0 = Debug|Any CPU
		{C8053627-4094-4913-8E9D-74AD38DCC39F}.Release|Any CPU.ActiveCfg = Release|Any CPU
		{C8053627-4094-4913-8E9D-74AD38DCC39F}.Release|Any CPU.Build.0 = Release|Any CPU
		{C8053627-4094-4913-8E9D-74AD38DCC39F}.Release|x64.ActiveCfg = Release|Any CPU
		{C8053627-4094-4913-8E9D-74AD38DCC39F}.Release|x64.Build.0 = Release|Any CPU
		{C8053627-4094-4913-8E9D-74AD38DCC39F}.Release|x86.ActiveCfg = Release|Any CPU
		{C8053627-4094-4913-8E9D-74AD38DCC39F}.Release|x86.Build.0 = Release|Any CPU
		{49C2D265-544B-48C5-8BCF-F398CB68A732}.Debug|Any CPU.ActiveCfg = Debug|Any CPU
		{49C2D265-544B-48C5-8BCF-F398CB68A732}.Debug|Any CPU.Build.0 = Debug|Any CPU
		{49C2D265-544B-48C5-8BCF-F398CB68A732}.Debug|x64.ActiveCfg = Debug|Any CPU
		{49C2D265-544B-48C5-8BCF-F398CB68A732}.Debug|x64.Build.0 = Debug|Any CPU
		{49C2D265-544B-48C5-8BCF-F398CB68A732}.Debug|x86.ActiveCfg = Debug|Any CPU
		{49C2D265-544B-48C5-8BCF-F398CB68A732}.Debug|x86.Build.0 = Debug|Any CPU
		{49C2D265-544B-48C5-8BCF-F398CB68A732}.Release|Any CPU.ActiveCfg = Release|Any CPU
		{49C2D265-544B-48C5-8BCF-F398CB68A732}.Release|Any CPU.Build.0 = Release|Any CPU
		{49C2D265-544B-48C5-8BCF-F398CB68A732}.Release|x64.ActiveCfg = Release|Any CPU
		{49C2D265-544B-48C5-8BCF-F398CB68A732}.Release|x64.Build.0 = Release|Any CPU
		{49C2D265-544B-48C5-8BCF-F398CB68A732}.Release|x86.ActiveCfg = Release|Any CPU
		{49C2D265-544B-48C5-8BCF-F398CB68A732}.Release|x86.Build.0 = Release|Any CPU
		{1C6C593A-316E-4607-9374-BAA887FC98E4}.Debug|Any CPU.ActiveCfg = Debug|Any CPU
		{1C6C593A-316E-4607-9374-BAA887FC98E4}.Debug|Any CPU.Build.0 = Debug|Any CPU
		{1C6C593A-316E-4607-9374-BAA887FC98E4}.Debug|x64.ActiveCfg = Debug|Any CPU
		{1C6C593A-316E-4607-9374-BAA887FC98E4}.Debug|x64.Build.0 = Debug|Any CPU
		{1C6C593A-316E-4607-9374-BAA887FC98E4}.Debug|x86.ActiveCfg = Debug|Any CPU
		{1C6C593A-316E-4607-9374-BAA887FC98E4}.Debug|x86.Build.0 = Debug|Any CPU
		{1C6C593A-316E-4607-9374-BAA887FC98E4}.Release|Any CPU.ActiveCfg = Release|Any CPU
		{1C6C593A-316E-4607-9374-BAA887FC98E4}.Release|Any CPU.Build.0 = Release|Any CPU
		{1C6C593A-316E-4607-9374-BAA887FC98E4}.Release|x64.ActiveCfg = Release|Any CPU
		{1C6C593A-316E-4607-9374-BAA887FC98E4}.Release|x64.Build.0 = Release|Any CPU
		{1C6C593A-316E-4607-9374-BAA887FC98E4}.Release|x86.ActiveCfg = Release|Any CPU
		{1C6C593A-316E-4607-9374-BAA887FC98E4}.Release|x86.Build.0 = Release|Any CPU
		{E87EB94D-BB5B-41AB-95C2-0A2DBD9B10D0}.Debug|Any CPU.ActiveCfg = Debug|Any CPU
		{E87EB94D-BB5B-41AB-95C2-0A2DBD9B10D0}.Debug|Any CPU.Build.0 = Debug|Any CPU
		{E87EB94D-BB5B-41AB-95C2-0A2DBD9B10D0}.Debug|x64.ActiveCfg = Debug|Any CPU
		{E87EB94D-BB5B-41AB-95C2-0A2DBD9B10D0}.Debug|x64.Build.0 = Debug|Any CPU
		{E87EB94D-BB5B-41AB-95C2-0A2DBD9B10D0}.Debug|x86.ActiveCfg = Debug|Any CPU
		{E87EB94D-BB5B-41AB-95C2-0A2DBD9B10D0}.Debug|x86.Build.0 = Debug|Any CPU
		{E87EB94D-BB5B-41AB-95C2-0A2DBD9B10D0}.Release|Any CPU.ActiveCfg = Release|Any CPU
		{E87EB94D-BB5B-41AB-95C2-0A2DBD9B10D0}.Release|Any CPU.Build.0 = Release|Any CPU
		{E87EB94D-BB5B-41AB-95C2-0A2DBD9B10D0}.Release|x64.ActiveCfg = Release|Any CPU
		{E87EB94D-BB5B-41AB-95C2-0A2DBD9B10D0}.Release|x64.Build.0 = Release|Any CPU
		{E87EB94D-BB5B-41AB-95C2-0A2DBD9B10D0}.Release|x86.ActiveCfg = Release|Any CPU
		{E87EB94D-BB5B-41AB-95C2-0A2DBD9B10D0}.Release|x86.Build.0 = Release|Any CPU
		{9CB5834C-7C6F-4508-BECB-BA68C916F9B9}.Debug|Any CPU.ActiveCfg = Debug|Any CPU
		{9CB5834C-7C6F-4508-BECB-BA68C916F9B9}.Debug|Any CPU.Build.0 = Debug|Any CPU
		{9CB5834C-7C6F-4508-BECB-BA68C916F9B9}.Debug|x64.ActiveCfg = Debug|Any CPU
		{9CB5834C-7C6F-4508-BECB-BA68C916F9B9}.Debug|x64.Build.0 = Debug|Any CPU
		{9CB5834C-7C6F-4508-BECB-BA68C916F9B9}.Debug|x86.ActiveCfg = Debug|Any CPU
		{9CB5834C-7C6F-4508-BECB-BA68C916F9B9}.Debug|x86.Build.0 = Debug|Any CPU
		{9CB5834C-7C6F-4508-BECB-BA68C916F9B9}.Release|Any CPU.ActiveCfg = Release|Any CPU
		{9CB5834C-7C6F-4508-BECB-BA68C916F9B9}.Release|Any CPU.Build.0 = Release|Any CPU
		{9CB5834C-7C6F-4508-BECB-BA68C916F9B9}.Release|x64.ActiveCfg = Release|Any CPU
		{9CB5834C-7C6F-4508-BECB-BA68C916F9B9}.Release|x64.Build.0 = Release|Any CPU
		{9CB5834C-7C6F-4508-BECB-BA68C916F9B9}.Release|x86.ActiveCfg = Release|Any CPU
		{9CB5834C-7C6F-4508-BECB-BA68C916F9B9}.Release|x86.Build.0 = Release|Any CPU
	EndGlobalSection
EndGlobal
